// !$*UTF8*$!
{
	archiveVersion = 1;
	classes = {
	};
	objectVersion = 55;
	objects = {

/* Begin PBXBuildFile section */
		4C49068E2E99F96E00075C82 /* Imagine Dragons - Shots.mp3 in Resources */ = {isa = PBXBuildFile; fileRef = 4C49068D2E99F96E00075C82 /* Imagine Dragons - Shots.mp3 */; };
		4C4906902E99FF6E00075C82 /* Imagine Dragons,JID,英雄联盟 - Enemy (from the series Arcane League of Legends).mp3 in Resources */ = {isa = PBXBuildFile; fileRef = 4C49068F2E99FF6E00075C82 /* Imagine Dragons,JID,英雄联盟 - Enemy (from the series Arcane League of Legends).mp3 */; };
		4C5167EC2E9DED6200853960 /* KaraokeViewController.m in Sources */ = {isa = PBXBuildFile; fileRef = 4C5167E92E9DED6200853960 /* KaraokeViewController.m */; };
		4C5167F02E9DF28C00853960 /* KaraokeAudioEngine.m in Sources */ = {isa = PBXBuildFile; fileRef = 4C5167EF2E9DF28C00853960 /* KaraokeAudioEngine.m */; };
		4C5167F52E9E027F00853960 /* RecordingListViewController.m in Sources */ = {isa = PBXBuildFile; fileRef = 4C5167F22E9E027F00853960 /* RecordingListViewController.m */; };
		4C5167F62E9E027F00853960 /* RecordingPlaybackView.m in Sources */ = {isa = PBXBuildFile; fileRef = 4C5167F42E9E027F00853960 /* RecordingPlaybackView.m */; };
		4C5167F92E9E032E00853960 /* PCMAudioPlayer.m in Sources */ = {isa = PBXBuildFile; fileRef = 4C5167F82E9E032E00853960 /* PCMAudioPlayer.m */; };
		4C5167FC2E9E05E000853960 /* AudioMixer.m in Sources */ = {isa = PBXBuildFile; fileRef = 4C5167FB2E9E05E000853960 /* AudioMixer.m */; };
		4C5167FE2E9E211000853960 /* A公馆 - 放漾.mp3 in Resources */ = {isa = PBXBuildFile; fileRef = 4C5167FD2E9E211000853960 /* A公馆 - 放漾.mp3 */; };
		4C51684A2E9E5AB000853960 /* Jessie J,李玟,KZ Tandingan - Bang Bang + 龙拳 (Live).lrc in Resources */ = {isa = PBXBuildFile; fileRef = 4C5168482E9E5AB000853960 /* Jessie J,李玟,KZ Tandingan - Bang Bang + 龙拳 (Live).lrc */; };
		4C51684B2E9E5AB000853960 /* Jessie J - Reflection (Live).lrc in Resources */ = {isa = PBXBuildFile; fileRef = 4C5168472E9E5AB000853960 /* Jessie J - Reflection (Live).lrc */; };
		4C51684C2E9E5AB000853960 /* Jessie J - I Have Nothing (Live).lrc in Resources */ = {isa = PBXBuildFile; fileRef = 4C5168412E9E5AB000853960 /* Jessie J - I Have Nothing (Live).lrc */; };
		4C51684D2E9E5AB000853960 /* Jessie J - I Will Always Love You (Live).lrc in Resources */ = {isa = PBXBuildFile; fileRef = 4C5168422E9E5AB000853960 /* Jessie J - I Will Always Love You (Live).lrc */; };
		4C51684E2E9E5AB000853960 /* Jessie J - My Heart Will Go On (Live).lrc in Resources */ = {isa = PBXBuildFile; fileRef = 4C5168442E9E5AB000853960 /* Jessie J - My Heart Will Go On (Live).lrc */; };
		4C51684F2E9E5AB000853960 /* Jessie J - Killing Me Softly With His Song (Live).lrc in Resources */ = {isa = PBXBuildFile; fileRef = 4C5168432E9E5AB000853960 /* Jessie J - Killing Me Softly With His Song (Live).lrc */; };
		4C5168502E9E5AB000853960 /* Jessie J - Ain't No Mountain High Enough (Live).lrc in Resources */ = {isa = PBXBuildFile; fileRef = 4C51683D2E9E5AB000853960 /* Jessie J - Ain't No Mountain High Enough (Live).lrc */; };
		4C5168512E9E5AB000853960 /* Jessie J,Luke James - I'll Be There (Live).lrc in Resources */ = {isa = PBXBuildFile; fileRef = 4C5168492E9E5AB000853960 /* Jessie J,Luke James - I'll Be There (Live).lrc */; };
		4C5168522E9E5AB000853960 /* Jessie J - Earth Song (Live).lrc in Resources */ = {isa = PBXBuildFile; fileRef = 4C5168402E9E5AB000853960 /* Jessie J - Earth Song (Live).lrc */; };
		4C5168532E9E5AB000853960 /* Jessie J - Never Too Much (Live).lrc in Resources */ = {isa = PBXBuildFile; fileRef = 4C5168452E9E5AB000853960 /* Jessie J - Never Too Much (Live).lrc */; };
		4C5168542E9E5AB000853960 /* Jessie J - Ain't Nobody (Live).lrc in Resources */ = {isa = PBXBuildFile; fileRef = 4C51683E2E9E5AB000853960 /* Jessie J - Ain't Nobody (Live).lrc */; };
		4C5168552E9E5AB000853960 /* Jessie J - Domino (Live).lrc in Resources */ = {isa = PBXBuildFile; fileRef = 4C51683F2E9E5AB000853960 /* Jessie J - Domino (Live).lrc */; };
		4C5168562E9E5AB000853960 /* Jessie J - Purple Rain (Live).lrc in Resources */ = {isa = PBXBuildFile; fileRef = 4C5168462E9E5AB000853960 /* Jessie J - Purple Rain (Live).lrc */; };
		4C5168642E9E5B8F00853960 /* Jessie J - Reflection (Live).mp3 in Resources */ = {isa = PBXBuildFile; fileRef = 4C5168612E9E5B8F00853960 /* Jessie J - Reflection (Live).mp3 */; };
		4C5168652E9E5B8F00853960 /* Jessie J,Luke James - I'll Be There (Live).mp3 in Resources */ = {isa = PBXBuildFile; fileRef = 4C5168632E9E5B8F00853960 /* Jessie J,Luke James - I'll Be There (Live).mp3 */; };
		4C5168662E9E5B8F00853960 /* Jessie J - I Have Nothing (Live).mp3 in Resources */ = {isa = PBXBuildFile; fileRef = 4C51685B2E9E5B8F00853960 /* Jessie J - I Have Nothing (Live).mp3 */; };
		4C5168672E9E5B8F00853960 /* Jessie J - Killing Me Softly With His Song (Live).mp3 in Resources */ = {isa = PBXBuildFile; fileRef = 4C51685D2E9E5B8F00853960 /* Jessie J - Killing Me Softly With His Song (Live).mp3 */; };
		4C5168682E9E5B8F00853960 /* Jessie J - Domino (Live).mp3 in Resources */ = {isa = PBXBuildFile; fileRef = 4C5168592E9E5B8F00853960 /* Jessie J - Domino (Live).mp3 */; };
		4C5168692E9E5B8F00853960 /* Jessie J - Earth Song (Live).mp3 in Resources */ = {isa = PBXBuildFile; fileRef = 4C51685A2E9E5B8F00853960 /* Jessie J - Earth Song (Live).mp3 */; };
		4C51686A2E9E5B8F00853960 /* Jessie J - I Will Always Love You (Live).mp3 in Resources */ = {isa = PBXBuildFile; fileRef = 4C51685C2E9E5B8F00853960 /* Jessie J - I Will Always Love You (Live).mp3 */; };
		4C51686B2E9E5B8F00853960 /* Jessie J - Ain't No Mountain High Enough (Live).mp3 in Resources */ = {isa = PBXBuildFile; fileRef = 4C5168572E9E5B8F00853960 /* Jessie J - Ain't No Mountain High Enough (Live).mp3 */; };
		4C51686C2E9E5B8F00853960 /* Jessie J,李玟,KZ Tandingan - Bang Bang + 龙拳 (Live).mp3 in Resources */ = {isa = PBXBuildFile; fileRef = 4C5168622E9E5B8F00853960 /* Jessie J,李玟,KZ Tandingan - Bang Bang + 龙拳 (Live).mp3 */; };
		4C51686D2E9E5B8F00853960 /* Jessie J - Never Too Much (Live).mp3 in Resources */ = {isa = PBXBuildFile; fileRef = 4C51685F2E9E5B8F00853960 /* Jessie J - Never Too Much (Live).mp3 */; };
		4C51686E2E9E5B8F00853960 /* Jessie J - My Heart Will Go On (Live).mp3 in Resources */ = {isa = PBXBuildFile; fileRef = 4C51685E2E9E5B8F00853960 /* Jessie J - My Heart Will Go On (Live).mp3 */; };
		4C51686F2E9E5B8F00853960 /* Jessie J - Ain't Nobody (Live).mp3 in Resources */ = {isa = PBXBuildFile; fileRef = 4C5168582E9E5B8F00853960 /* Jessie J - Ain't Nobody (Live).mp3 */; };
		4C5168702E9E5B8F00853960 /* Jessie J - Purple Rain (Live).mp3 in Resources */ = {isa = PBXBuildFile; fileRef = 4C5168602E9E5B8F00853960 /* Jessie J - Purple Rain (Live).mp3 */; };
		4C51687E2E9E5FD500853960 /* LyricsEffectCell.m in Sources */ = {isa = PBXBuildFile; fileRef = 4C5168742E9E5FD500853960 /* LyricsEffectCell.m */; };
		4C51687F2E9E5FD500853960 /* LyricsEffectControlPanel.m in Sources */ = {isa = PBXBuildFile; fileRef = 4C5168762E9E5FD500853960 /* LyricsEffectControlPanel.m */; };
		4C5168802E9E5FD500853960 /* LyricsManager.m in Sources */ = {isa = PBXBuildFile; fileRef = 4C51687B2E9E5FD500853960 /* LyricsManager.m */; };
		4C5168812E9E5FD500853960 /* LyricsEffectType.m in Sources */ = {isa = PBXBuildFile; fileRef = 4C5168782E9E5FD500853960 /* LyricsEffectType.m */; };
		4C5168832E9E5FD500853960 /* LyricsView.m in Sources */ = {isa = PBXBuildFile; fileRef = 4C51687D2E9E5FD500853960 /* LyricsView.m */; };
		4C5168842E9E5FD500853960 /* LRCParser.m in Sources */ = {isa = PBXBuildFile; fileRef = 4C5168722E9E5FD500853960 /* LRCParser.m */; };
		4C5C27A92E9CB0A400D9AEA9 /* 吴垚滔,DOUDOU - 暮野荒原.mp3 in Resources */ = {isa = PBXBuildFile; fileRef = 4C5C27A72E9CB0A400D9AEA9 /* 吴垚滔,DOUDOU - 暮野荒原.mp3 */; };
		4C5C27AA2E9CB0A400D9AEA9 /* DOUDOU - 春夏秋冬（Live in 昆明 20231210）.mp3 in Resources */ = {isa = PBXBuildFile; fileRef = 4C5C27A82E9CB0A400D9AEA9 /* DOUDOU - 春夏秋冬（Live in 昆明 20231210）.mp3 */; };
		4C5C27AB2E9CB0A400D9AEA9 /* 爱宝 - bangbang.mp3 in Resources */ = {isa = PBXBuildFile; fileRef = 4C5C27A62E9CB0A400D9AEA9 /* 爱宝 - bangbang.mp3 */; };
		4C5C27AE2E9CC24D00D9AEA9 /* PerformanceControlPanel.m in Sources */ = {isa = PBXBuildFile; fileRef = 4C5C27AD2E9CC24D00D9AEA9 /* PerformanceControlPanel.m */; };
		4C5C27EE2E9D123A00D9AEA9 /* 初音ミク,cosMo@暴走P - 初音ミクの消失.mp3 in Resources */ = {isa = PBXBuildFile; fileRef = 4C5C27D02E9D123A00D9AEA9 /* 初音ミク,cosMo@暴走P - 初音ミクの消失.mp3 */; };
		4C5C28152E9D12C300D9AEA9 /* Zedd - Ignite.lrc in Resources */ = {isa = PBXBuildFile; fileRef = 4C5C28142E9D12C300D9AEA9 /* Zedd - Ignite.lrc */; };
		4C5C28162E9D12C300D9AEA9 /* Little Mix,Steve Void - Break Up Song (Steve Void Remix).lrc in Resources */ = {isa = PBXBuildFile; fileRef = 4C5C28112E9D12C300D9AEA9 /* Little Mix,Steve Void - Break Up Song (Steve Void Remix).lrc */; };
		4C5C28172E9D12C300D9AEA9 /* Jonah Kagen - God Needs The Devil.lrc in Resources */ = {isa = PBXBuildFile; fileRef = 4C5C280F2E9D12C300D9AEA9 /* Jonah Kagen - God Needs The Devil.lrc */; };
		4C5C28182E9D12C300D9AEA9 /* Imagine Dragons - Shots.lrc in Resources */ = {isa = PBXBuildFile; fileRef = 4C5C280C2E9D12C300D9AEA9 /* Imagine Dragons - Shots.lrc */; };
		4C5C28192E9D12C300D9AEA9 /* A公馆 - 放漾.lrc in Resources */ = {isa = PBXBuildFile; fileRef = 4C5C28032E9D12C300D9AEA9 /* A公馆 - 放漾.lrc */; };
		4C5C281A2E9D12C300D9AEA9 /* DOUDOU - 拂过沙的光.lrc in Resources */ = {isa = PBXBuildFile; fileRef = 4C5C28082E9D12C300D9AEA9 /* DOUDOU - 拂过沙的光.lrc */; };
		4C5C281B2E9D12C300D9AEA9 /* DOUDOU - 南三环东路.lrc in Resources */ = {isa = PBXBuildFile; fileRef = 4C5C28092E9D12C300D9AEA9 /* DOUDOU - 南三环东路.lrc */; };
		4C5C281C2E9D12C300D9AEA9 /* 痛仰乐队 - 为你唱首歌.lrc in Resources */ = {isa = PBXBuildFile; fileRef = 4C5C27FF2E9D12C300D9AEA9 /* 痛仰乐队 - 为你唱首歌.lrc */; };
		4C5C281D2E9D12C300D9AEA9 /* LOVE PSYCHEDELICO - Last Smile.lrc in Resources */ = {isa = PBXBuildFile; fileRef = 4C5C28122E9D12C300D9AEA9 /* LOVE PSYCHEDELICO - Last Smile.lrc */; };
		4C5C281E2E9D12C300D9AEA9 /* Elektronomia - Vision.lrc in Resources */ = {isa = PBXBuildFile; fileRef = 4C5C280A2E9D12C300D9AEA9 /* Elektronomia - Vision.lrc */; };
		4C5C281F2E9D12C300D9AEA9 /* ILLENIUM,Nevve - Fractures.lrc in Resources */ = {isa = PBXBuildFile; fileRef = 4C5C280B2E9D12C300D9AEA9 /* ILLENIUM,Nevve - Fractures.lrc */; };
		4C5C28202E9D12C300D9AEA9 /* DOUDOU - 春夏秋冬（Live in 昆明 20231210）.lrc in Resources */ = {isa = PBXBuildFile; fileRef = 4C5C28072E9D12C300D9AEA9 /* DOUDOU - 春夏秋冬（Live in 昆明 20231210）.lrc */; };
		4C5C28212E9D12C300D9AEA9 /* Lenka - Crystal Ball.lrc in Resources */ = {isa = PBXBuildFile; fileRef = 4C5C28102E9D12C300D9AEA9 /* Lenka - Crystal Ball.lrc */; };
		4C5C28222E9D12C300D9AEA9 /* Missio - I See You.lrc in Resources */ = {isa = PBXBuildFile; fileRef = 4C5C28132E9D12C300D9AEA9 /* Missio - I See You.lrc */; };
		4C5C28232E9D12C300D9AEA9 /* 周深 - Rubia.lrc in Resources */ = {isa = PBXBuildFile; fileRef = 4C5C28022E9D12C300D9AEA9 /* 周深 - Rubia.lrc */; };
		4C5C28242E9D12C300D9AEA9 /* 八仙 8Immortals - 单身旅记 (Live).lrc in Resources */ = {isa = PBXBuildFile; fileRef = 4C5C27FB2E9D12C300D9AEA9 /* 八仙 8Immortals - 单身旅记 (Live).lrc */; };
		4C5C28252E9D12C300D9AEA9 /* Alida - Feathers.lrc in Resources */ = {isa = PBXBuildFile; fileRef = 4C5C28062E9D12C300D9AEA9 /* Alida - Feathers.lrc */; };
		4C5C28262E9D12C300D9AEA9 /* 华晨宇 - 向阳而生.lrc in Resources */ = {isa = PBXBuildFile; fileRef = 4C5C27FD2E9D12C300D9AEA9 /* 华晨宇 - 向阳而生.lrc */; };
		4C5C28272E9D12C300D9AEA9 /* 梁博 - 出现又离开 (Live).lrc in Resources */ = {isa = PBXBuildFile; fileRef = 4C5C27FE2E9D12C300D9AEA9 /* 梁博 - 出现又离开 (Live).lrc */; };
		4C5C28282E9D12C300D9AEA9 /* 周深 - 光亮 (Live版).lrc in Resources */ = {isa = PBXBuildFile; fileRef = 4C5C28012E9D12C300D9AEA9 /* 周深 - 光亮 (Live版).lrc */; };
		4C5C28292E9D12C300D9AEA9 /* Imagine Dragons,JID,英雄联盟 - Enemy (from the series Arcane League of Legends).lrc in Resources */ = {isa = PBXBuildFile; fileRef = 4C5C280E2E9D12C300D9AEA9 /* Imagine Dragons,JID,英雄联盟 - Enemy (from the series Arcane League of Legends).lrc */; };
		4C5C282A2E9D12C300D9AEA9 /* A公馆 - 与时间赛跑的人.lrc in Resources */ = {isa = PBXBuildFile; fileRef = 4C5C28052E9D12C300D9AEA9 /* A公馆 - 与时间赛跑的人.lrc */; };
		4C5C282B2E9D12C300D9AEA9 /* Imagine Dragons - Warriors.lrc in Resources */ = {isa = PBXBuildFile; fileRef = 4C5C280D2E9D12C300D9AEA9 /* Imagine Dragons - Warriors.lrc */; };
		4C5C282C2E9D12C300D9AEA9 /* A公馆 - 海浪回潮.lrc in Resources */ = {isa = PBXBuildFile; fileRef = 4C5C28042E9D12C300D9AEA9 /* A公馆 - 海浪回潮.lrc */; };
		4C5C282D2E9D12C300D9AEA9 /* 黑豹乐队 - 散，作鸟兽.lrc in Resources */ = {isa = PBXBuildFile; fileRef = 4C5C27FC2E9D12C300D9AEA9 /* 黑豹乐队 - 散，作鸟兽.lrc */; };
		4C5C282E2E9D12C300D9AEA9 /* 吴垚滔,DOUDOU - 暮野荒原.lrc in Resources */ = {isa = PBXBuildFile; fileRef = 4C5C28002E9D12C300D9AEA9 /* 吴垚滔,DOUDOU - 暮野荒原.lrc */; };
		4C66E6D92E8A89E8003200DA /* Vicetone - Tremble (Original Mix).mp3 in Resources */ = {isa = PBXBuildFile; fileRef = 4C66E6D42E8A89E8003200DA /* Vicetone - Tremble (Original Mix).mp3 */; };
		4C66E6DA2E8A89E8003200DA /* ILLENIUM,Nevve - Fractures.mp3 in Resources */ = {isa = PBXBuildFile; fileRef = 4C66E6CA2E8A89E8003200DA /* ILLENIUM,Nevve - Fractures.mp3 */; };
		4C66E6DB2E8A89E8003200DA /* Alida - Feathers.mp3 in Resources */ = {isa = PBXBuildFile; fileRef = 4C66E6C72E8A89E8003200DA /* Alida - Feathers.mp3 */; };
		4C66E6DC2E8A89E8003200DA /* 岩崎琢 - PSYCHEDELIC SOUL JAM.mp3 in Resources */ = {isa = PBXBuildFile; fileRef = 4C66E6C32E8A89E8003200DA /* 岩崎琢 - PSYCHEDELIC SOUL JAM.mp3 */; };
		4C66E6DD2E8A89E8003200DA /* Xeuphoria - Sky City.mp3 in Resources */ = {isa = PBXBuildFile; fileRef = 4C66E6D52E8A89E8003200DA /* Xeuphoria - Sky City.mp3 */; };
		4C66E6DE2E8A89E8003200DA /* Alex Aiono,Feder,MDZN - Lordly (MDZN Remix).mp3 in Resources */ = {isa = PBXBuildFile; fileRef = 4C66E6C62E8A89E8003200DA /* Alex Aiono,Feder,MDZN - Lordly (MDZN Remix).mp3 */; };
		4C66E6DF2E8A89E8003200DA /* Zedd - Ignite.mp3 in Resources */ = {isa = PBXBuildFile; fileRef = 4C66E6D62E8A89E8003200DA /* Zedd - Ignite.mp3 */; };
		4C66E6E12E8A89E8003200DA /* Little Mix,Steve Void - Break Up Song (Steve Void Remix).mp3 in Resources */ = {isa = PBXBuildFile; fileRef = 4C66E6CE2E8A89E8003200DA /* Little Mix,Steve Void - Break Up Song (Steve Void Remix).mp3 */; };
		4C66E6E22E8A89E8003200DA /* Sub Urban - Cradles.mp3 in Resources */ = {isa = PBXBuildFile; fileRef = 4C66E6D12E8A89E8003200DA /* Sub Urban - Cradles.mp3 */; };
		4C66E6E42E8A89E8003200DA /* 金骏植 - My Everthing.mp3 in Resources */ = {isa = PBXBuildFile; fileRef = 4C66E6BE2E8A89E8003200DA /* 金骏植 - My Everthing.mp3 */; };
		4C66E6E62E8A89E8003200DA /* Varien - Future Funk.mp3 in Resources */ = {isa = PBXBuildFile; fileRef = 4C66E6D32E8A89E8003200DA /* Varien - Future Funk.mp3 */; };
		4C66E6E72E8A89E8003200DA /* Imagine Dragons - Warriors.mp3 in Resources */ = {isa = PBXBuildFile; fileRef = 4C66E6CB2E8A89E8003200DA /* Imagine Dragons - Warriors.mp3 */; };
		4C66E6E92E8A89E8003200DA /* 马頔 - 无畏.mp3 in Resources */ = {isa = PBXBuildFile; fileRef = 4C66E6C02E8A89E8003200DA /* 马頔 - 无畏.mp3 */; };
		4C66E6EA2E8A89E8003200DA /* Lenka - Crystal Ball.mp3 in Resources */ = {isa = PBXBuildFile; fileRef = 4C66E6CD2E8A89E8003200DA /* Lenka - Crystal Ball.mp3 */; };
		4C66E6EB2E8A89E8003200DA /* Elektronomia - Vision.mp3 in Resources */ = {isa = PBXBuildFile; fileRef = 4C66E6C92E8A89E8003200DA /* Elektronomia - Vision.mp3 */; };
		4C66E6EC2E8A89E8003200DA /* Zero Venture - Northern Skies (Original Mix).mp3 in Resources */ = {isa = PBXBuildFile; fileRef = 4C66E6D72E8A89E8003200DA /* Zero Venture - Northern Skies (Original Mix).mp3 */; };
		4C66E6EE2E8A89E8003200DA /* Kingsfoil - Grapevine Valentine(Nrdo bootleg)-Nrdo.mp3 in Resources */ = {isa = PBXBuildFile; fileRef = 4C66E6CC2E8A89E8003200DA /* Kingsfoil - Grapevine Valentine(Nrdo bootleg)-Nrdo.mp3 */; };
		4C66E6F02E8A89E8003200DA /* CMA - You're Not Alone.mp3 in Resources */ = {isa = PBXBuildFile; fileRef = 4C66E6C82E8A89E8003200DA /* CMA - You're Not Alone.mp3 */; };
		4C66E6F12E8A89E8003200DA /* Missio - I See You.mp3 in Resources */ = {isa = PBXBuildFile; fileRef = 4C66E6CF2E8A89E8003200DA /* Missio - I See You.mp3 */; };
		4C66E6F22E8A89E8003200DA /* 周深 - Rubia.mp3 in Resources */ = {isa = PBXBuildFile; fileRef = 4C66E6C42E8A89E8003200DA /* 周深 - Rubia.mp3 */; };
		4C66E6F32E8A89E8003200DA /* 岩崎琢 - Bang! Bang! Bang! Bang! Have a Nice Dream.mp3 in Resources */ = {isa = PBXBuildFile; fileRef = 4C66E6C22E8A89E8003200DA /* 岩崎琢 - Bang! Bang! Bang! Bang! Have a Nice Dream.mp3 */; };
		4C66E6F42E8A89E8003200DA /* 鈴木瑛美子 - フロントメモリー.mp3 in Resources */ = {isa = PBXBuildFile; fileRef = 4C66E6BF2E8A89E8003200DA /* 鈴木瑛美子 - フロントメモリー.mp3 */; };
		4C66E6F52E8A89E8003200DA /* 初音ミク,CosMo@暴走P - 初音未来的消失.mp3 in Resources */ = {isa = PBXBuildFile; fileRef = 4C66E6BB2E8A89E8003200DA /* 初音ミク,CosMo@暴走P - 初音未来的消失.mp3 */; };
		4C66E6F62E8A89E8003200DA /* 陈致逸,HOYO-MiX - Symphony of Boreal Wind 冰封交响曲.mp3 in Resources */ = {isa = PBXBuildFile; fileRef = 4C66E6BA2E8A89E8003200DA /* 陈致逸,HOYO-MiX - Symphony of Boreal Wind 冰封交响曲.mp3 */; };
		4C66E7062E8A8DBB003200DA /* AnimationCoordinator.m in Sources */ = {isa = PBXBuildFile; fileRef = 4C66E6F82E8A8DBB003200DA /* AnimationCoordinator.m */; };
		4C66E7072E8A8DBB003200DA /* RotationAnimationManager.m in Sources */ = {isa = PBXBuildFile; fileRef = 4C66E7012E8A8DBB003200DA /* RotationAnimationManager.m */; };
		4C66E7082E8A8DBB003200DA /* SpectrumAnimationManager.m in Sources */ = {isa = PBXBuildFile; fileRef = 4C66E7032E8A8DBB003200DA /* SpectrumAnimationManager.m */; };
		4C66E7092E8A8DBB003200DA /* GradientAnimationManager.m in Sources */ = {isa = PBXBuildFile; fileRef = 4C66E6FC2E8A8DBB003200DA /* GradientAnimationManager.m */; };
		4C66E70A2E8A8DBB003200DA /* ParticleAnimationManager.m in Sources */ = {isa = PBXBuildFile; fileRef = 4C66E6FE2E8A8DBB003200DA /* ParticleAnimationManager.m */; };
		4C66E70B2E8A8DBB003200DA /* AnimationProtocol.m in Sources */ = {isa = PBXBuildFile; fileRef = 4C66E6FA2E8A8DBB003200DA /* AnimationProtocol.m */; };
		4C66E7162E8A9255003200DA /* EffectSelectorView.m in Sources */ = {isa = PBXBuildFile; fileRef = 4C66E70D2E8A9255003200DA /* EffectSelectorView.m */; };
		4C66E7172E8A9255003200DA /* VisualEffectType.m in Sources */ = {isa = PBXBuildFile; fileRef = 4C66E7142E8A9255003200DA /* VisualEffectType.m */; };
		4C66E7192E8A9255003200DA /* VisualEffectManager.m in Sources */ = {isa = PBXBuildFile; fileRef = 4C66E7122E8A9255003200DA /* VisualEffectManager.m */; };
		4C66E71A2E8A9255003200DA /* MetalRenderer.m in Sources */ = {isa = PBXBuildFile; fileRef = 4C66E70F2E8A9255003200DA /* MetalRenderer.m */; };
		4C66E71D2E8A98FB003200DA /* GalaxyControlPanel.m in Sources */ = {isa = PBXBuildFile; fileRef = 4C66E71C2E8A98FB003200DA /* GalaxyControlPanel.m */; };
		4C66E7302E8A9255003200DA /* ShaderCommon.metal in Sources */ = {isa = PBXBuildFile; fileRef = 4C66E7382E8A9255003200DA /* ShaderCommon.metal */; };
		4C66E7312E8A9255003200DA /* NeonShader.metal in Sources */ = {isa = PBXBuildFile; fileRef = 4C66E7392E8A9255003200DA /* NeonShader.metal */; };
		4C66E7322E8A9255003200DA /* Waveform3DShader.metal in Sources */ = {isa = PBXBuildFile; fileRef = 4C66E73A2E8A9255003200DA /* Waveform3DShader.metal */; };
		4C66E7332E8A9255003200DA /* FluidShader.metal in Sources */ = {isa = PBXBuildFile; fileRef = 4C66E73B2E8A9255003200DA /* FluidShader.metal */; };
		4C66E7342E8A9255003200DA /* QuantumShader.metal in Sources */ = {isa = PBXBuildFile; fileRef = 4C66E73C2E8A9255003200DA /* QuantumShader.metal */; };
		4C66E7352E8A9255003200DA /* HolographicShader.metal in Sources */ = {isa = PBXBuildFile; fileRef = 4C66E73D2E8A9255003200DA /* HolographicShader.metal */; };
		4C66E7362E8A9255003200DA /* CyberpunkShader.metal in Sources */ = {isa = PBXBuildFile; fileRef = 4C66E73E2E8A9255003200DA /* CyberpunkShader.metal */; };
		4C66E7372E8A9255003200DA /* GalaxyShader.metal in Sources */ = {isa = PBXBuildFile; fileRef = 4C66E73F2E8A9255003200DA /* GalaxyShader.metal */; };
		4C66E7382E8A9256003200DA /* LightningShader.metal in Sources */ = {isa = PBXBuildFile; fileRef = 4C66E7422E8A9256003200DA /* LightningShader.metal */; };
		4C66E7402E8A9255003200DA /* CommonVertexShader.metal in Sources */ = {isa = PBXBuildFile; fileRef = 4C66E7412E8A9255003200DA /* CommonVertexShader.metal */; };
		4C77CD0A2E98DB75008EA7C6 /* Jonah Kagen - God Needs The Devil.mp3 in Resources */ = {isa = PBXBuildFile; fileRef = 4C77CD092E98DB75008EA7C6 /* Jonah Kagen - God Needs The Devil.mp3 */; };
		4C77CD0C2E98DC71008EA7C6 /* 黑豹乐队 - 散，作鸟兽.mp3 in Resources */ = {isa = PBXBuildFile; fileRef = 4C77CD0B2E98DC71008EA7C6 /* 黑豹乐队 - 散，作鸟兽.mp3 */; };
		4C77CD132E98F31B008EA7C6 /* A公馆 - 与时间赛跑的人.mp3 in Resources */ = {isa = PBXBuildFile; fileRef = 4C77CD112E98F31B008EA7C6 /* A公馆 - 与时间赛跑的人.mp3 */; };
		4C77CD142E98F31B008EA7C6 /* A公馆 - 海浪回潮.mp3 in Resources */ = {isa = PBXBuildFile; fileRef = 4C77CD102E98F31B008EA7C6 /* A公馆 - 海浪回潮.mp3 */; };
		4C77CD152E98F31B008EA7C6 /* 周深 - 光亮 (Live版).mp3 in Resources */ = {isa = PBXBuildFile; fileRef = 4C77CD0F2E98F31B008EA7C6 /* 周深 - 光亮 (Live版).mp3 */; };
		4C77CD162E98F31B008EA7C6 /* LOVE PSYCHEDELICO - Last Smile.mp3 in Resources */ = {isa = PBXBuildFile; fileRef = 4C77CD122E98F31B008EA7C6 /* LOVE PSYCHEDELICO - Last Smile.mp3 */; };
		4C77CD172E98F31B008EA7C6 /* 梁博 - 出现又离开 (Live).mp3 in Resources */ = {isa = PBXBuildFile; fileRef = 4C77CD0E2E98F31B008EA7C6 /* 梁博 - 出现又离开 (Live).mp3 */; };
		4C77CD1B2E990F61008EA7C6 /* CyberpunkControlPanel.m in Sources */ = {isa = PBXBuildFile; fileRef = 4C77CD1A2E990F61008EA7C6 /* CyberpunkControlPanel.m */; };
		4C77CD242E9925A5008EA7C6 /* 痛仰乐队 - 为你唱首歌.mp3 in Resources */ = {isa = PBXBuildFile; fileRef = 4C77CD212E9925A5008EA7C6 /* 痛仰乐队 - 为你唱首歌.mp3 */; };
		4C77CD252E9925A5008EA7C6 /* DOUDOU - 南三环东路.mp3 in Resources */ = {isa = PBXBuildFile; fileRef = 4C77CD232E9925A5008EA7C6 /* DOUDOU - 南三环东路.mp3 */; };
		4C77CD262E9925A5008EA7C6 /* DOUDOU - 拂过沙的光.mp3 in Resources */ = {isa = PBXBuildFile; fileRef = 4C77CD222E9925A5008EA7C6 /* DOUDOU - 拂过沙的光.mp3 */; };
		4C77CD272E9925A5008EA7C6 /* 八仙 8Immortals - 单身旅记 (Live).mp3 in Resources */ = {isa = PBXBuildFile; fileRef = 4C77CD1F2E9925A5008EA7C6 /* 八仙 8Immortals - 单身旅记 (Live).mp3 */; };
		4C77CD282E9925A5008EA7C6 /* 华晨宇 - 向阳而生.mp3 in Resources */ = {isa = PBXBuildFile; fileRef = 4C77CD202E9925A5008EA7C6 /* 华晨宇 - 向阳而生.mp3 */; };
		64C5446228C838D100C23393 /* AppDelegate.m in Sources */ = {isa = PBXBuildFile; fileRef = 64C5446128C838D100C23393 /* AppDelegate.m */; };
		64C5446828C838D100C23393 /* ViewController.m in Sources */ = {isa = PBXBuildFile; fileRef = 64C5446728C838D100C23393 /* ViewController.m */; };
		64C5446B28C838D100C23393 /* Main.storyboard in Resources */ = {isa = PBXBuildFile; fileRef = 64C5446928C838D100C23393 /* Main.storyboard */; };
		64C5446D28C838D400C23393 /* Assets.xcassets in Resources */ = {isa = PBXBuildFile; fileRef = 64C5446C28C838D400C23393 /* Assets.xcassets */; };
		64C5447028C838D400C23393 /* LaunchScreen.storyboard in Resources */ = {isa = PBXBuildFile; fileRef = 64C5446E28C838D400C23393 /* LaunchScreen.storyboard */; };
		64C5447328C838D400C23393 /* main.m in Sources */ = {isa = PBXBuildFile; fileRef = 64C5447228C838D400C23393 /* main.m */; };
		64C5447F28C8395200C23393 /* AudioPlayCell.m in Sources */ = {isa = PBXBuildFile; fileRef = 64C5447E28C8395200C23393 /* AudioPlayCell.m */; };
		64C5448228C83A0700C23393 /* TTi.m in Sources */ = {isa = PBXBuildFile; fileRef = 64C5448128C83A0700C23393 /* TTi.m */; };
		64C5448B28C83A7700C23393 /* AudioSpectrumRecorder.m in Sources */ = {isa = PBXBuildFile; fileRef = 64C5448728C83A7700C23393 /* AudioSpectrumRecorder.m */; };
		64C5448C28C83A7700C23393 /* RealtimeAnalyzer.m in Sources */ = {isa = PBXBuildFile; fileRef = 64C5448A28C83A7700C23393 /* RealtimeAnalyzer.m */; };
		64C5448D28C83A7700C23393 /* SpectrumView.m in Sources */ = {isa = PBXBuildFile; fileRef = 64C5448528C83A7700C23393 /* SpectrumView.m */; };
		64C5448E28C83A7700C23393 /* AudioSpectrumPlayer.m in Sources */ = {isa = PBXBuildFile; fileRef = 64C5448628C83A7700C23393 /* AudioSpectrumPlayer.m */; };
		64C544CF28C83B1200C23393 /* AudioToolbox.framework in Frameworks */ = {isa = PBXBuildFile; fileRef = 64C544CE28C83B1200C23393 /* AudioToolbox.framework */; };
/* End PBXBuildFile section */

/* Begin PBXFileReference section */
		4C49068D2E99F96E00075C82 /* Imagine Dragons - Shots.mp3 */ = {isa = PBXFileReference; lastKnownFileType = audio.mp3; path = "Imagine Dragons - Shots.mp3"; sourceTree = "<group>"; };
		4C49068F2E99FF6E00075C82 /* Imagine Dragons,JID,英雄联盟 - Enemy (from the series Arcane League of Legends).mp3 */ = {isa = PBXFileReference; lastKnownFileType = audio.mp3; path = "Imagine Dragons,JID,英雄联盟 - Enemy (from the series Arcane League of Legends).mp3"; sourceTree = "<group>"; };
		4C5167E82E9DED6200853960 /* KaraokeViewController.h */ = {isa = PBXFileReference; lastKnownFileType = sourcecode.c.h; path = KaraokeViewController.h; sourceTree = "<group>"; };
		4C5167E92E9DED6200853960 /* KaraokeViewController.m */ = {isa = PBXFileReference; lastKnownFileType = sourcecode.c.objc; path = KaraokeViewController.m; sourceTree = "<group>"; };
		4C5167EE2E9DF28C00853960 /* KaraokeAudioEngine.h */ = {isa = PBXFileReference; lastKnownFileType = sourcecode.c.h; path = KaraokeAudioEngine.h; sourceTree = "<group>"; };
		4C5167EF2E9DF28C00853960 /* KaraokeAudioEngine.m */ = {isa = PBXFileReference; lastKnownFileType = sourcecode.c.objc; path = KaraokeAudioEngine.m; sourceTree = "<group>"; };
		4C5167F12E9E027F00853960 /* RecordingListViewController.h */ = {isa = PBXFileReference; lastKnownFileType = sourcecode.c.h; path = RecordingListViewController.h; sourceTree = "<group>"; };
		4C5167F22E9E027F00853960 /* RecordingListViewController.m */ = {isa = PBXFileReference; lastKnownFileType = sourcecode.c.objc; path = RecordingListViewController.m; sourceTree = "<group>"; };
		4C5167F32E9E027F00853960 /* RecordingPlaybackView.h */ = {isa = PBXFileReference; lastKnownFileType = sourcecode.c.h; path = RecordingPlaybackView.h; sourceTree = "<group>"; };
		4C5167F42E9E027F00853960 /* RecordingPlaybackView.m */ = {isa = PBXFileReference; lastKnownFileType = sourcecode.c.objc; path = RecordingPlaybackView.m; sourceTree = "<group>"; };
		4C5167F72E9E032E00853960 /* PCMAudioPlayer.h */ = {isa = PBXFileReference; lastKnownFileType = sourcecode.c.h; path = PCMAudioPlayer.h; sourceTree = "<group>"; };
		4C5167F82E9E032E00853960 /* PCMAudioPlayer.m */ = {isa = PBXFileReference; lastKnownFileType = sourcecode.c.objc; path = PCMAudioPlayer.m; sourceTree = "<group>"; };
		4C5167FA2E9E05E000853960 /* AudioMixer.h */ = {isa = PBXFileReference; lastKnownFileType = sourcecode.c.h; path = AudioMixer.h; sourceTree = "<group>"; };
		4C5167FB2E9E05E000853960 /* AudioMixer.m */ = {isa = PBXFileReference; lastKnownFileType = sourcecode.c.objc; path = AudioMixer.m; sourceTree = "<group>"; };
		4C5167FD2E9E211000853960 /* A公馆 - 放漾.mp3 */ = {isa = PBXFileReference; lastKnownFileType = audio.mp3; path = "A公馆 - 放漾.mp3"; sourceTree = "<group>"; };
		4C51683D2E9E5AB000853960 /* Jessie J - Ain't No Mountain High Enough (Live).lrc */ = {isa = PBXFileReference; lastKnownFileType = text; path = "Jessie J - Ain't No Mountain High Enough (Live).lrc"; sourceTree = "<group>"; };
		4C51683E2E9E5AB000853960 /* Jessie J - Ain't Nobody (Live).lrc */ = {isa = PBXFileReference; lastKnownFileType = text; path = "Jessie J - Ain't Nobody (Live).lrc"; sourceTree = "<group>"; };
		4C51683F2E9E5AB000853960 /* Jessie J - Domino (Live).lrc */ = {isa = PBXFileReference; lastKnownFileType = text; path = "Jessie J - Domino (Live).lrc"; sourceTree = "<group>"; };
		4C5168402E9E5AB000853960 /* Jessie J - Earth Song (Live).lrc */ = {isa = PBXFileReference; lastKnownFileType = text; path = "Jessie J - Earth Song (Live).lrc"; sourceTree = "<group>"; };
		4C5168412E9E5AB000853960 /* Jessie J - I Have Nothing (Live).lrc */ = {isa = PBXFileReference; lastKnownFileType = text; path = "Jessie J - I Have Nothing (Live).lrc"; sourceTree = "<group>"; };
		4C5168422E9E5AB000853960 /* Jessie J - I Will Always Love You (Live).lrc */ = {isa = PBXFileReference; lastKnownFileType = text; path = "Jessie J - I Will Always Love You (Live).lrc"; sourceTree = "<group>"; };
		4C5168432E9E5AB000853960 /* Jessie J - Killing Me Softly With His Song (Live).lrc */ = {isa = PBXFileReference; lastKnownFileType = text; path = "Jessie J - Killing Me Softly With His Song (Live).lrc"; sourceTree = "<group>"; };
		4C5168442E9E5AB000853960 /* Jessie J - My Heart Will Go On (Live).lrc */ = {isa = PBXFileReference; lastKnownFileType = text; path = "Jessie J - My Heart Will Go On (Live).lrc"; sourceTree = "<group>"; };
		4C5168452E9E5AB000853960 /* Jessie J - Never Too Much (Live).lrc */ = {isa = PBXFileReference; lastKnownFileType = text; path = "Jessie J - Never Too Much (Live).lrc"; sourceTree = "<group>"; };
		4C5168462E9E5AB000853960 /* Jessie J - Purple Rain (Live).lrc */ = {isa = PBXFileReference; lastKnownFileType = text; path = "Jessie J - Purple Rain (Live).lrc"; sourceTree = "<group>"; };
		4C5168472E9E5AB000853960 /* Jessie J - Reflection (Live).lrc */ = {isa = PBXFileReference; lastKnownFileType = text; path = "Jessie J - Reflection (Live).lrc"; sourceTree = "<group>"; };
		4C5168482E9E5AB000853960 /* Jessie J,李玟,KZ Tandingan - Bang Bang + 龙拳 (Live).lrc */ = {isa = PBXFileReference; lastKnownFileType = text; path = "Jessie J,李玟,KZ Tandingan - Bang Bang + 龙拳 (Live).lrc"; sourceTree = "<group>"; };
		4C5168492E9E5AB000853960 /* Jessie J,Luke James - I'll Be There (Live).lrc */ = {isa = PBXFileReference; lastKnownFileType = text; path = "Jessie J,Luke James - I'll Be There (Live).lrc"; sourceTree = "<group>"; };
		4C5168572E9E5B8F00853960 /* Jessie J - Ain't No Mountain High Enough (Live).mp3 */ = {isa = PBXFileReference; lastKnownFileType = audio.mp3; path = "Jessie J - Ain't No Mountain High Enough (Live).mp3"; sourceTree = "<group>"; };
		4C5168582E9E5B8F00853960 /* Jessie J - Ain't Nobody (Live).mp3 */ = {isa = PBXFileReference; lastKnownFileType = audio.mp3; path = "Jessie J - Ain't Nobody (Live).mp3"; sourceTree = "<group>"; };
		4C5168592E9E5B8F00853960 /* Jessie J - Domino (Live).mp3 */ = {isa = PBXFileReference; lastKnownFileType = audio.mp3; path = "Jessie J - Domino (Live).mp3"; sourceTree = "<group>"; };
		4C51685A2E9E5B8F00853960 /* Jessie J - Earth Song (Live).mp3 */ = {isa = PBXFileReference; lastKnownFileType = audio.mp3; path = "Jessie J - Earth Song (Live).mp3"; sourceTree = "<group>"; };
		4C51685B2E9E5B8F00853960 /* Jessie J - I Have Nothing (Live).mp3 */ = {isa = PBXFileReference; lastKnownFileType = audio.mp3; path = "Jessie J - I Have Nothing (Live).mp3"; sourceTree = "<group>"; };
		4C51685C2E9E5B8F00853960 /* Jessie J - I Will Always Love You (Live).mp3 */ = {isa = PBXFileReference; lastKnownFileType = audio.mp3; path = "Jessie J - I Will Always Love You (Live).mp3"; sourceTree = "<group>"; };
		4C51685D2E9E5B8F00853960 /* Jessie J - Killing Me Softly With His Song (Live).mp3 */ = {isa = PBXFileReference; lastKnownFileType = audio.mp3; path = "Jessie J - Killing Me Softly With His Song (Live).mp3"; sourceTree = "<group>"; };
		4C51685E2E9E5B8F00853960 /* Jessie J - My Heart Will Go On (Live).mp3 */ = {isa = PBXFileReference; lastKnownFileType = audio.mp3; path = "Jessie J - My Heart Will Go On (Live).mp3"; sourceTree = "<group>"; };
		4C51685F2E9E5B8F00853960 /* Jessie J - Never Too Much (Live).mp3 */ = {isa = PBXFileReference; lastKnownFileType = audio.mp3; path = "Jessie J - Never Too Much (Live).mp3"; sourceTree = "<group>"; };
		4C5168602E9E5B8F00853960 /* Jessie J - Purple Rain (Live).mp3 */ = {isa = PBXFileReference; lastKnownFileType = audio.mp3; path = "Jessie J - Purple Rain (Live).mp3"; sourceTree = "<group>"; };
		4C5168612E9E5B8F00853960 /* Jessie J - Reflection (Live).mp3 */ = {isa = PBXFileReference; lastKnownFileType = audio.mp3; path = "Jessie J - Reflection (Live).mp3"; sourceTree = "<group>"; };
		4C5168622E9E5B8F00853960 /* Jessie J,李玟,KZ Tandingan - Bang Bang + 龙拳 (Live).mp3 */ = {isa = PBXFileReference; lastKnownFileType = audio.mp3; path = "Jessie J,李玟,KZ Tandingan - Bang Bang + 龙拳 (Live).mp3"; sourceTree = "<group>"; };
		4C5168632E9E5B8F00853960 /* Jessie J,Luke James - I'll Be There (Live).mp3 */ = {isa = PBXFileReference; lastKnownFileType = audio.mp3; path = "Jessie J,Luke James - I'll Be There (Live).mp3"; sourceTree = "<group>"; };
		4C5168712E9E5FD500853960 /* LRCParser.h */ = {isa = PBXFileReference; lastKnownFileType = sourcecode.c.h; path = LRCParser.h; sourceTree = "<group>"; };
		4C5168722E9E5FD500853960 /* LRCParser.m */ = {isa = PBXFileReference; lastKnownFileType = sourcecode.c.objc; path = LRCParser.m; sourceTree = "<group>"; };
		4C5168732E9E5FD500853960 /* LyricsEffectCell.h */ = {isa = PBXFileReference; lastKnownFileType = sourcecode.c.h; path = LyricsEffectCell.h; sourceTree = "<group>"; };
		4C5168742E9E5FD500853960 /* LyricsEffectCell.m */ = {isa = PBXFileReference; lastKnownFileType = sourcecode.c.objc; path = LyricsEffectCell.m; sourceTree = "<group>"; };
		4C5168752E9E5FD500853960 /* LyricsEffectControlPanel.h */ = {isa = PBXFileReference; lastKnownFileType = sourcecode.c.h; path = LyricsEffectControlPanel.h; sourceTree = "<group>"; };
		4C5168762E9E5FD500853960 /* LyricsEffectControlPanel.m */ = {isa = PBXFileReference; lastKnownFileType = sourcecode.c.objc; path = LyricsEffectControlPanel.m; sourceTree = "<group>"; };
		4C5168772E9E5FD500853960 /* LyricsEffectType.h */ = {isa = PBXFileReference; lastKnownFileType = sourcecode.c.h; path = LyricsEffectType.h; sourceTree = "<group>"; };
		4C5168782E9E5FD500853960 /* LyricsEffectType.m */ = {isa = PBXFileReference; lastKnownFileType = sourcecode.c.objc; path = LyricsEffectType.m; sourceTree = "<group>"; };
		4C5168792E9E5FD500853960 /* LyricsIntegrationExample.m */ = {isa = PBXFileReference; lastKnownFileType = sourcecode.c.objc; path = LyricsIntegrationExample.m; sourceTree = "<group>"; };
		4C51687A2E9E5FD500853960 /* LyricsManager.h */ = {isa = PBXFileReference; lastKnownFileType = sourcecode.c.h; path = LyricsManager.h; sourceTree = "<group>"; };
		4C51687B2E9E5FD500853960 /* LyricsManager.m */ = {isa = PBXFileReference; lastKnownFileType = sourcecode.c.objc; path = LyricsManager.m; sourceTree = "<group>"; };
		4C51687C2E9E5FD500853960 /* LyricsView.h */ = {isa = PBXFileReference; lastKnownFileType = sourcecode.c.h; path = LyricsView.h; sourceTree = "<group>"; };
		4C51687D2E9E5FD500853960 /* LyricsView.m */ = {isa = PBXFileReference; lastKnownFileType = sourcecode.c.objc; path = LyricsView.m; sourceTree = "<group>"; };
		4C5C27A62E9CB0A400D9AEA9 /* 爱宝 - bangbang.mp3 */ = {isa = PBXFileReference; lastKnownFileType = audio.mp3; path = "爱宝 - bangbang.mp3"; sourceTree = "<group>"; };
		4C5C27A72E9CB0A400D9AEA9 /* 吴垚滔,DOUDOU - 暮野荒原.mp3 */ = {isa = PBXFileReference; lastKnownFileType = audio.mp3; path = "吴垚滔,DOUDOU - 暮野荒原.mp3"; sourceTree = "<group>"; };
		4C5C27A82E9CB0A400D9AEA9 /* DOUDOU - 春夏秋冬（Live in 昆明 20231210）.mp3 */ = {isa = PBXFileReference; lastKnownFileType = audio.mp3; path = "DOUDOU - 春夏秋冬（Live in 昆明 20231210）.mp3"; sourceTree = "<group>"; };
		4C5C27AC2E9CC24D00D9AEA9 /* PerformanceControlPanel.h */ = {isa = PBXFileReference; lastKnownFileType = sourcecode.c.h; path = PerformanceControlPanel.h; sourceTree = "<group>"; };
		4C5C27AD2E9CC24D00D9AEA9 /* PerformanceControlPanel.m */ = {isa = PBXFileReference; lastKnownFileType = sourcecode.c.objc; path = PerformanceControlPanel.m; sourceTree = "<group>"; };
		4C5C27D02E9D123A00D9AEA9 /* 初音ミク,cosMo@暴走P - 初音ミクの消失.mp3 */ = {isa = PBXFileReference; lastKnownFileType = audio.mp3; path = "初音ミク,cosMo@暴走P - 初音ミクの消失.mp3"; sourceTree = "<group>"; };
		4C5C27FB2E9D12C300D9AEA9 /* 八仙 8Immortals - 单身旅记 (Live).lrc */ = {isa = PBXFileReference; lastKnownFileType = text; path = "八仙 8Immortals - 单身旅记 (Live).lrc"; sourceTree = "<group>"; };
		4C5C27FC2E9D12C300D9AEA9 /* 黑豹乐队 - 散，作鸟兽.lrc */ = {isa = PBXFileReference; lastKnownFileType = text; path = "黑豹乐队 - 散，作鸟兽.lrc"; sourceTree = "<group>"; };
		4C5C27FD2E9D12C300D9AEA9 /* 华晨宇 - 向阳而生.lrc */ = {isa = PBXFileReference; lastKnownFileType = text; path = "华晨宇 - 向阳而生.lrc"; sourceTree = "<group>"; };
		4C5C27FE2E9D12C300D9AEA9 /* 梁博 - 出现又离开 (Live).lrc */ = {isa = PBXFileReference; lastKnownFileType = text; path = "梁博 - 出现又离开 (Live).lrc"; sourceTree = "<group>"; };
		4C5C27FF2E9D12C300D9AEA9 /* 痛仰乐队 - 为你唱首歌.lrc */ = {isa = PBXFileReference; lastKnownFileType = text; path = "痛仰乐队 - 为你唱首歌.lrc"; sourceTree = "<group>"; };
		4C5C28002E9D12C300D9AEA9 /* 吴垚滔,DOUDOU - 暮野荒原.lrc */ = {isa = PBXFileReference; lastKnownFileType = text; path = "吴垚滔,DOUDOU - 暮野荒原.lrc"; sourceTree = "<group>"; };
		4C5C28012E9D12C300D9AEA9 /* 周深 - 光亮 (Live版).lrc */ = {isa = PBXFileReference; lastKnownFileType = text; path = "周深 - 光亮 (Live版).lrc"; sourceTree = "<group>"; };
		4C5C28022E9D12C300D9AEA9 /* 周深 - Rubia.lrc */ = {isa = PBXFileReference; lastKnownFileType = text; path = "周深 - Rubia.lrc"; sourceTree = "<group>"; };
		4C5C28032E9D12C300D9AEA9 /* A公馆 - 放漾.lrc */ = {isa = PBXFileReference; lastKnownFileType = text; path = "A公馆 - 放漾.lrc"; sourceTree = "<group>"; };
		4C5C28042E9D12C300D9AEA9 /* A公馆 - 海浪回潮.lrc */ = {isa = PBXFileReference; lastKnownFileType = text; path = "A公馆 - 海浪回潮.lrc"; sourceTree = "<group>"; };
		4C5C28052E9D12C300D9AEA9 /* A公馆 - 与时间赛跑的人.lrc */ = {isa = PBXFileReference; lastKnownFileType = text; path = "A公馆 - 与时间赛跑的人.lrc"; sourceTree = "<group>"; };
		4C5C28062E9D12C300D9AEA9 /* Alida - Feathers.lrc */ = {isa = PBXFileReference; lastKnownFileType = text; path = "Alida - Feathers.lrc"; sourceTree = "<group>"; };
		4C5C28072E9D12C300D9AEA9 /* DOUDOU - 春夏秋冬（Live in 昆明 20231210）.lrc */ = {isa = PBXFileReference; lastKnownFileType = text; path = "DOUDOU - 春夏秋冬（Live in 昆明 20231210）.lrc"; sourceTree = "<group>"; };
		4C5C28082E9D12C300D9AEA9 /* DOUDOU - 拂过沙的光.lrc */ = {isa = PBXFileReference; lastKnownFileType = text; path = "DOUDOU - 拂过沙的光.lrc"; sourceTree = "<group>"; };
		4C5C28092E9D12C300D9AEA9 /* DOUDOU - 南三环东路.lrc */ = {isa = PBXFileReference; lastKnownFileType = text; path = "DOUDOU - 南三环东路.lrc"; sourceTree = "<group>"; };
		4C5C280A2E9D12C300D9AEA9 /* Elektronomia - Vision.lrc */ = {isa = PBXFileReference; lastKnownFileType = text; path = "Elektronomia - Vision.lrc"; sourceTree = "<group>"; };
		4C5C280B2E9D12C300D9AEA9 /* ILLENIUM,Nevve - Fractures.lrc */ = {isa = PBXFileReference; lastKnownFileType = text; path = "ILLENIUM,Nevve - Fractures.lrc"; sourceTree = "<group>"; };
		4C5C280C2E9D12C300D9AEA9 /* Imagine Dragons - Shots.lrc */ = {isa = PBXFileReference; lastKnownFileType = text; path = "Imagine Dragons - Shots.lrc"; sourceTree = "<group>"; };
		4C5C280D2E9D12C300D9AEA9 /* Imagine Dragons - Warriors.lrc */ = {isa = PBXFileReference; lastKnownFileType = text; path = "Imagine Dragons - Warriors.lrc"; sourceTree = "<group>"; };
		4C5C280E2E9D12C300D9AEA9 /* Imagine Dragons,JID,英雄联盟 - Enemy (from the series Arcane League of Legends).lrc */ = {isa = PBXFileReference; lastKnownFileType = text; path = "Imagine Dragons,JID,英雄联盟 - Enemy (from the series Arcane League of Legends).lrc"; sourceTree = "<group>"; };
		4C5C280F2E9D12C300D9AEA9 /* Jonah Kagen - God Needs The Devil.lrc */ = {isa = PBXFileReference; lastKnownFileType = text; path = "Jonah Kagen - God Needs The Devil.lrc"; sourceTree = "<group>"; };
		4C5C28102E9D12C300D9AEA9 /* Lenka - Crystal Ball.lrc */ = {isa = PBXFileReference; lastKnownFileType = text; path = "Lenka - Crystal Ball.lrc"; sourceTree = "<group>"; };
		4C5C28112E9D12C300D9AEA9 /* Little Mix,Steve Void - Break Up Song (Steve Void Remix).lrc */ = {isa = PBXFileReference; lastKnownFileType = text; path = "Little Mix,Steve Void - Break Up Song (Steve Void Remix).lrc"; sourceTree = "<group>"; };
		4C5C28122E9D12C300D9AEA9 /* LOVE PSYCHEDELICO - Last Smile.lrc */ = {isa = PBXFileReference; lastKnownFileType = text; path = "LOVE PSYCHEDELICO - Last Smile.lrc"; sourceTree = "<group>"; };
		4C5C28132E9D12C300D9AEA9 /* Missio - I See You.lrc */ = {isa = PBXFileReference; lastKnownFileType = text; path = "Missio - I See You.lrc"; sourceTree = "<group>"; };
		4C5C28142E9D12C300D9AEA9 /* Zedd - Ignite.lrc */ = {isa = PBXFileReference; lastKnownFileType = text; path = "Zedd - Ignite.lrc"; sourceTree = "<group>"; };
		4C66E6BA2E8A89E8003200DA /* 陈致逸,HOYO-MiX - Symphony of Boreal Wind 冰封交响曲.mp3 */ = {isa = PBXFileReference; lastKnownFileType = audio.mp3; path = "陈致逸,HOYO-MiX - Symphony of Boreal Wind 冰封交响曲.mp3"; sourceTree = "<group>"; };
		4C66E6BB2E8A89E8003200DA /* 初音ミク,CosMo@暴走P - 初音未来的消失.mp3 */ = {isa = PBXFileReference; lastKnownFileType = audio.mp3; path = "初音ミク,CosMo@暴走P - 初音未来的消失.mp3"; sourceTree = "<group>"; };
		4C66E6BE2E8A89E8003200DA /* 金骏植 - My Everthing.mp3 */ = {isa = PBXFileReference; lastKnownFileType = audio.mp3; path = "金骏植 - My Everthing.mp3"; sourceTree = "<group>"; };
		4C66E6BF2E8A89E8003200DA /* 鈴木瑛美子 - フロントメモリー.mp3 */ = {isa = PBXFileReference; lastKnownFileType = audio.mp3; path = "鈴木瑛美子 - フロントメモリー.mp3"; sourceTree = "<group>"; };
		4C66E6C02E8A89E8003200DA /* 马頔 - 无畏.mp3 */ = {isa = PBXFileReference; lastKnownFileType = audio.mp3; path = "马頔 - 无畏.mp3"; sourceTree = "<group>"; };
		4C66E6C22E8A89E8003200DA /* 岩崎琢 - Bang! Bang! Bang! Bang! Have a Nice Dream.mp3 */ = {isa = PBXFileReference; lastKnownFileType = audio.mp3; path = "岩崎琢 - Bang! Bang! Bang! Bang! Have a Nice Dream.mp3"; sourceTree = "<group>"; };
		4C66E6C32E8A89E8003200DA /* 岩崎琢 - PSYCHEDELIC SOUL JAM.mp3 */ = {isa = PBXFileReference; lastKnownFileType = audio.mp3; path = "岩崎琢 - PSYCHEDELIC SOUL JAM.mp3"; sourceTree = "<group>"; };
		4C66E6C42E8A89E8003200DA /* 周深 - Rubia.mp3 */ = {isa = PBXFileReference; lastKnownFileType = audio.mp3; path = "周深 - Rubia.mp3"; sourceTree = "<group>"; };
		4C66E6C62E8A89E8003200DA /* Alex Aiono,Feder,MDZN - Lordly (MDZN Remix).mp3 */ = {isa = PBXFileReference; lastKnownFileType = audio.mp3; path = "Alex Aiono,Feder,MDZN - Lordly (MDZN Remix).mp3"; sourceTree = "<group>"; };
		4C66E6C72E8A89E8003200DA /* Alida - Feathers.mp3 */ = {isa = PBXFileReference; lastKnownFileType = audio.mp3; path = "Alida - Feathers.mp3"; sourceTree = "<group>"; };
		4C66E6C82E8A89E8003200DA /* CMA - You're Not Alone.mp3 */ = {isa = PBXFileReference; lastKnownFileType = audio.mp3; path = "CMA - You're Not Alone.mp3"; sourceTree = "<group>"; };
		4C66E6C92E8A89E8003200DA /* Elektronomia - Vision.mp3 */ = {isa = PBXFileReference; lastKnownFileType = audio.mp3; path = "Elektronomia - Vision.mp3"; sourceTree = "<group>"; };
		4C66E6CA2E8A89E8003200DA /* ILLENIUM,Nevve - Fractures.mp3 */ = {isa = PBXFileReference; lastKnownFileType = audio.mp3; path = "ILLENIUM,Nevve - Fractures.mp3"; sourceTree = "<group>"; };
		4C66E6CB2E8A89E8003200DA /* Imagine Dragons - Warriors.mp3 */ = {isa = PBXFileReference; lastKnownFileType = audio.mp3; path = "Imagine Dragons - Warriors.mp3"; sourceTree = "<group>"; };
		4C66E6CC2E8A89E8003200DA /* Kingsfoil - Grapevine Valentine(Nrdo bootleg)-Nrdo.mp3 */ = {isa = PBXFileReference; lastKnownFileType = audio.mp3; path = "Kingsfoil - Grapevine Valentine(Nrdo bootleg)-Nrdo.mp3"; sourceTree = "<group>"; };
		4C66E6CD2E8A89E8003200DA /* Lenka - Crystal Ball.mp3 */ = {isa = PBXFileReference; lastKnownFileType = audio.mp3; path = "Lenka - Crystal Ball.mp3"; sourceTree = "<group>"; };
		4C66E6CE2E8A89E8003200DA /* Little Mix,Steve Void - Break Up Song (Steve Void Remix).mp3 */ = {isa = PBXFileReference; lastKnownFileType = audio.mp3; path = "Little Mix,Steve Void - Break Up Song (Steve Void Remix).mp3"; sourceTree = "<group>"; };
		4C66E6CF2E8A89E8003200DA /* Missio - I See You.mp3 */ = {isa = PBXFileReference; lastKnownFileType = audio.mp3; path = "Missio - I See You.mp3"; sourceTree = "<group>"; };
		4C66E6D12E8A89E8003200DA /* Sub Urban - Cradles.mp3 */ = {isa = PBXFileReference; lastKnownFileType = audio.mp3; path = "Sub Urban - Cradles.mp3"; sourceTree = "<group>"; };
		4C66E6D32E8A89E8003200DA /* Varien - Future Funk.mp3 */ = {isa = PBXFileReference; lastKnownFileType = audio.mp3; path = "Varien - Future Funk.mp3"; sourceTree = "<group>"; };
		4C66E6D42E8A89E8003200DA /* Vicetone - Tremble (Original Mix).mp3 */ = {isa = PBXFileReference; lastKnownFileType = audio.mp3; path = "Vicetone - Tremble (Original Mix).mp3"; sourceTree = "<group>"; };
		4C66E6D52E8A89E8003200DA /* Xeuphoria - Sky City.mp3 */ = {isa = PBXFileReference; lastKnownFileType = audio.mp3; path = "Xeuphoria - Sky City.mp3"; sourceTree = "<group>"; };
		4C66E6D62E8A89E8003200DA /* Zedd - Ignite.mp3 */ = {isa = PBXFileReference; lastKnownFileType = audio.mp3; path = "Zedd - Ignite.mp3"; sourceTree = "<group>"; };
		4C66E6D72E8A89E8003200DA /* Zero Venture - Northern Skies (Original Mix).mp3 */ = {isa = PBXFileReference; lastKnownFileType = audio.mp3; path = "Zero Venture - Northern Skies (Original Mix).mp3"; sourceTree = "<group>"; };
		4C66E6F72E8A8DBB003200DA /* AnimationCoordinator.h */ = {isa = PBXFileReference; lastKnownFileType = sourcecode.c.h; path = AnimationCoordinator.h; sourceTree = "<group>"; };
		4C66E6F82E8A8DBB003200DA /* AnimationCoordinator.m */ = {isa = PBXFileReference; lastKnownFileType = sourcecode.c.objc; path = AnimationCoordinator.m; sourceTree = "<group>"; };
		4C66E6F92E8A8DBB003200DA /* AnimationProtocol.h */ = {isa = PBXFileReference; lastKnownFileType = sourcecode.c.h; path = AnimationProtocol.h; sourceTree = "<group>"; };
		4C66E6FA2E8A8DBB003200DA /* AnimationProtocol.m */ = {isa = PBXFileReference; lastKnownFileType = sourcecode.c.objc; path = AnimationProtocol.m; sourceTree = "<group>"; };
		4C66E6FB2E8A8DBB003200DA /* GradientAnimationManager.h */ = {isa = PBXFileReference; lastKnownFileType = sourcecode.c.h; path = GradientAnimationManager.h; sourceTree = "<group>"; };
		4C66E6FC2E8A8DBB003200DA /* GradientAnimationManager.m */ = {isa = PBXFileReference; lastKnownFileType = sourcecode.c.objc; path = GradientAnimationManager.m; sourceTree = "<group>"; };
		4C66E6FD2E8A8DBB003200DA /* ParticleAnimationManager.h */ = {isa = PBXFileReference; lastKnownFileType = sourcecode.c.h; path = ParticleAnimationManager.h; sourceTree = "<group>"; };
		4C66E6FE2E8A8DBB003200DA /* ParticleAnimationManager.m */ = {isa = PBXFileReference; lastKnownFileType = sourcecode.c.objc; path = ParticleAnimationManager.m; sourceTree = "<group>"; };
		4C66E7002E8A8DBB003200DA /* RotationAnimationManager.h */ = {isa = PBXFileReference; lastKnownFileType = sourcecode.c.h; path = RotationAnimationManager.h; sourceTree = "<group>"; };
		4C66E7012E8A8DBB003200DA /* RotationAnimationManager.m */ = {isa = PBXFileReference; lastKnownFileType = sourcecode.c.objc; path = RotationAnimationManager.m; sourceTree = "<group>"; };
		4C66E7022E8A8DBB003200DA /* SpectrumAnimationManager.h */ = {isa = PBXFileReference; lastKnownFileType = sourcecode.c.h; path = SpectrumAnimationManager.h; sourceTree = "<group>"; };
		4C66E7032E8A8DBB003200DA /* SpectrumAnimationManager.m */ = {isa = PBXFileReference; lastKnownFileType = sourcecode.c.objc; path = SpectrumAnimationManager.m; sourceTree = "<group>"; };
		4C66E70C2E8A9255003200DA /* EffectSelectorView.h */ = {isa = PBXFileReference; lastKnownFileType = sourcecode.c.h; path = EffectSelectorView.h; sourceTree = "<group>"; };
		4C66E70D2E8A9255003200DA /* EffectSelectorView.m */ = {isa = PBXFileReference; lastKnownFileType = sourcecode.c.objc; path = EffectSelectorView.m; sourceTree = "<group>"; };
		4C66E70E2E8A9255003200DA /* MetalRenderer.h */ = {isa = PBXFileReference; lastKnownFileType = sourcecode.c.h; path = MetalRenderer.h; sourceTree = "<group>"; };
		4C66E70F2E8A9255003200DA /* MetalRenderer.m */ = {isa = PBXFileReference; lastKnownFileType = sourcecode.c.objc; path = MetalRenderer.m; sourceTree = "<group>"; };
		4C66E7112E8A9255003200DA /* VisualEffectManager.h */ = {isa = PBXFileReference; lastKnownFileType = sourcecode.c.h; path = VisualEffectManager.h; sourceTree = "<group>"; };
		4C66E7122E8A9255003200DA /* VisualEffectManager.m */ = {isa = PBXFileReference; lastKnownFileType = sourcecode.c.objc; path = VisualEffectManager.m; sourceTree = "<group>"; };
		4C66E7132E8A9255003200DA /* VisualEffectType.h */ = {isa = PBXFileReference; lastKnownFileType = sourcecode.c.h; path = VisualEffectType.h; sourceTree = "<group>"; };
		4C66E7142E8A9255003200DA /* VisualEffectType.m */ = {isa = PBXFileReference; lastKnownFileType = sourcecode.c.objc; path = VisualEffectType.m; sourceTree = "<group>"; };
		4C66E71B2E8A98FB003200DA /* GalaxyControlPanel.h */ = {isa = PBXFileReference; lastKnownFileType = sourcecode.c.h; path = GalaxyControlPanel.h; sourceTree = "<group>"; };
		4C66E71C2E8A98FB003200DA /* GalaxyControlPanel.m */ = {isa = PBXFileReference; lastKnownFileType = sourcecode.c.objc; path = GalaxyControlPanel.m; sourceTree = "<group>"; };
		4C66E7382E8A9255003200DA /* ShaderCommon.metal */ = {isa = PBXFileReference; lastKnownFileType = sourcecode.metal; path = ShaderCommon.metal; sourceTree = "<group>"; };
		4C66E7392E8A9255003200DA /* NeonShader.metal */ = {isa = PBXFileReference; lastKnownFileType = sourcecode.metal; path = NeonShader.metal; sourceTree = "<group>"; };
		4C66E73A2E8A9255003200DA /* Waveform3DShader.metal */ = {isa = PBXFileReference; lastKnownFileType = sourcecode.metal; path = Waveform3DShader.metal; sourceTree = "<group>"; };
		4C66E73B2E8A9255003200DA /* FluidShader.metal */ = {isa = PBXFileReference; lastKnownFileType = sourcecode.metal; path = FluidShader.metal; sourceTree = "<group>"; };
		4C66E73C2E8A9255003200DA /* QuantumShader.metal */ = {isa = PBXFileReference; lastKnownFileType = sourcecode.metal; path = QuantumShader.metal; sourceTree = "<group>"; };
		4C66E73D2E8A9255003200DA /* HolographicShader.metal */ = {isa = PBXFileReference; lastKnownFileType = sourcecode.metal; path = HolographicShader.metal; sourceTree = "<group>"; };
		4C66E73E2E8A9255003200DA /* CyberpunkShader.metal */ = {isa = PBXFileReference; lastKnownFileType = sourcecode.metal; path = CyberpunkShader.metal; sourceTree = "<group>"; };
		4C66E73F2E8A9255003200DA /* GalaxyShader.metal */ = {isa = PBXFileReference; lastKnownFileType = sourcecode.metal; path = GalaxyShader.metal; sourceTree = "<group>"; };
		4C66E7412E8A9255003200DA /* CommonVertexShader.metal */ = {isa = PBXFileReference; lastKnownFileType = sourcecode.metal; path = CommonVertexShader.metal; sourceTree = "<group>"; };
		4C66E7422E8A9256003200DA /* LightningShader.metal */ = {isa = PBXFileReference; lastKnownFileType = sourcecode.metal; path = LightningShader.metal; sourceTree = "<group>"; };
		4C77CD092E98DB75008EA7C6 /* Jonah Kagen - God Needs The Devil.mp3 */ = {isa = PBXFileReference; lastKnownFileType = audio.mp3; path = "Jonah Kagen - God Needs The Devil.mp3"; sourceTree = "<group>"; };
		4C77CD0B2E98DC71008EA7C6 /* 黑豹乐队 - 散，作鸟兽.mp3 */ = {isa = PBXFileReference; lastKnownFileType = audio.mp3; path = "黑豹乐队 - 散，作鸟兽.mp3"; sourceTree = "<group>"; };
		4C77CD0E2E98F31B008EA7C6 /* 梁博 - 出现又离开 (Live).mp3 */ = {isa = PBXFileReference; lastKnownFileType = audio.mp3; path = "梁博 - 出现又离开 (Live).mp3"; sourceTree = "<group>"; };
		4C77CD0F2E98F31B008EA7C6 /* 周深 - 光亮 (Live版).mp3 */ = {isa = PBXFileReference; lastKnownFileType = audio.mp3; path = "周深 - 光亮 (Live版).mp3"; sourceTree = "<group>"; };
		4C77CD102E98F31B008EA7C6 /* A公馆 - 海浪回潮.mp3 */ = {isa = PBXFileReference; lastKnownFileType = audio.mp3; path = "A公馆 - 海浪回潮.mp3"; sourceTree = "<group>"; };
		4C77CD112E98F31B008EA7C6 /* A公馆 - 与时间赛跑的人.mp3 */ = {isa = PBXFileReference; lastKnownFileType = audio.mp3; path = "A公馆 - 与时间赛跑的人.mp3"; sourceTree = "<group>"; };
		4C77CD122E98F31B008EA7C6 /* LOVE PSYCHEDELICO - Last Smile.mp3 */ = {isa = PBXFileReference; lastKnownFileType = audio.mp3; path = "LOVE PSYCHEDELICO - Last Smile.mp3"; sourceTree = "<group>"; };
		4C77CD192E990F61008EA7C6 /* CyberpunkControlPanel.h */ = {isa = PBXFileReference; lastKnownFileType = sourcecode.c.h; path = CyberpunkControlPanel.h; sourceTree = "<group>"; };
		4C77CD1A2E990F61008EA7C6 /* CyberpunkControlPanel.m */ = {isa = PBXFileReference; lastKnownFileType = sourcecode.c.objc; path = CyberpunkControlPanel.m; sourceTree = "<group>"; };
		4C77CD1F2E9925A5008EA7C6 /* 八仙 8Immortals - 单身旅记 (Live).mp3 */ = {isa = PBXFileReference; lastKnownFileType = audio.mp3; path = "八仙 8Immortals - 单身旅记 (Live).mp3"; sourceTree = "<group>"; };
		4C77CD202E9925A5008EA7C6 /* 华晨宇 - 向阳而生.mp3 */ = {isa = PBXFileReference; lastKnownFileType = audio.mp3; path = "华晨宇 - 向阳而生.mp3"; sourceTree = "<group>"; };
		4C77CD212E9925A5008EA7C6 /* 痛仰乐队 - 为你唱首歌.mp3 */ = {isa = PBXFileReference; lastKnownFileType = audio.mp3; path = "痛仰乐队 - 为你唱首歌.mp3"; sourceTree = "<group>"; };
		4C77CD222E9925A5008EA7C6 /* DOUDOU - 拂过沙的光.mp3 */ = {isa = PBXFileReference; lastKnownFileType = audio.mp3; path = "DOUDOU - 拂过沙的光.mp3"; sourceTree = "<group>"; };
		4C77CD232E9925A5008EA7C6 /* DOUDOU - 南三环东路.mp3 */ = {isa = PBXFileReference; lastKnownFileType = audio.mp3; path = "DOUDOU - 南三环东路.mp3"; sourceTree = "<group>"; };
		64C5445D28C838D100C23393 /* AudioSampleBuffer.app */ = {isa = PBXFileReference; explicitFileType = wrapper.application; includeInIndex = 0; path = AudioSampleBuffer.app; sourceTree = BUILT_PRODUCTS_DIR; };
		64C5446028C838D100C23393 /* AppDelegate.h */ = {isa = PBXFileReference; lastKnownFileType = sourcecode.c.h; path = AppDelegate.h; sourceTree = "<group>"; };
		64C5446128C838D100C23393 /* AppDelegate.m */ = {isa = PBXFileReference; lastKnownFileType = sourcecode.c.objc; path = AppDelegate.m; sourceTree = "<group>"; };
		64C5446628C838D100C23393 /* ViewController.h */ = {isa = PBXFileReference; lastKnownFileType = sourcecode.c.h; path = ViewController.h; sourceTree = "<group>"; };
		64C5446728C838D100C23393 /* ViewController.m */ = {isa = PBXFileReference; lastKnownFileType = sourcecode.c.objc; path = ViewController.m; sourceTree = "<group>"; };
		64C5446A28C838D100C23393 /* Base */ = {isa = PBXFileReference; lastKnownFileType = file.storyboard; name = Base; path = Base.lproj/Main.storyboard; sourceTree = "<group>"; };
		64C5446C28C838D400C23393 /* Assets.xcassets */ = {isa = PBXFileReference; lastKnownFileType = folder.assetcatalog; path = Assets.xcassets; sourceTree = "<group>"; };
		64C5446F28C838D400C23393 /* Base */ = {isa = PBXFileReference; lastKnownFileType = file.storyboard; name = Base; path = Base.lproj/LaunchScreen.storyboard; sourceTree = "<group>"; };
		64C5447128C838D400C23393 /* Info.plist */ = {isa = PBXFileReference; lastKnownFileType = text.plist.xml; path = Info.plist; sourceTree = "<group>"; };
		64C5447228C838D400C23393 /* main.m */ = {isa = PBXFileReference; lastKnownFileType = sourcecode.c.objc; path = main.m; sourceTree = "<group>"; };
		64C5447D28C8395200C23393 /* AudioPlayCell.h */ = {isa = PBXFileReference; lastKnownFileType = sourcecode.c.h; path = AudioPlayCell.h; sourceTree = "<group>"; };
		64C5447E28C8395200C23393 /* AudioPlayCell.m */ = {isa = PBXFileReference; lastKnownFileType = sourcecode.c.objc; path = AudioPlayCell.m; sourceTree = "<group>"; };
		64C5448028C83A0700C23393 /* TTi.h */ = {isa = PBXFileReference; fileEncoding = 4; lastKnownFileType = sourcecode.c.h; path = TTi.h; sourceTree = "<group>"; };
		64C5448128C83A0700C23393 /* TTi.m */ = {isa = PBXFileReference; fileEncoding = 4; lastKnownFileType = sourcecode.c.objc; path = TTi.m; sourceTree = "<group>"; };
		64C5448328C83A7600C23393 /* SpectrumView.h */ = {isa = PBXFileReference; lastKnownFileType = sourcecode.c.h; path = SpectrumView.h; sourceTree = "<group>"; };
		64C5448428C83A7600C23393 /* RealtimeAnalyzer.h */ = {isa = PBXFileReference; lastKnownFileType = sourcecode.c.h; path = RealtimeAnalyzer.h; sourceTree = "<group>"; };
		64C5448528C83A7700C23393 /* SpectrumView.m */ = {isa = PBXFileReference; lastKnownFileType = sourcecode.c.objc; path = SpectrumView.m; sourceTree = "<group>"; };
		64C5448628C83A7700C23393 /* AudioSpectrumPlayer.m */ = {isa = PBXFileReference; lastKnownFileType = sourcecode.c.objc; path = AudioSpectrumPlayer.m; sourceTree = "<group>"; };
		64C5448728C83A7700C23393 /* AudioSpectrumRecorder.m */ = {isa = PBXFileReference; lastKnownFileType = sourcecode.c.objc; path = AudioSpectrumRecorder.m; sourceTree = "<group>"; };
		64C5448828C83A7700C23393 /* AudioSpectrumRecorder.h */ = {isa = PBXFileReference; lastKnownFileType = sourcecode.c.h; path = AudioSpectrumRecorder.h; sourceTree = "<group>"; };
		64C5448928C83A7700C23393 /* AudioSpectrumPlayer.h */ = {isa = PBXFileReference; lastKnownFileType = sourcecode.c.h; path = AudioSpectrumPlayer.h; sourceTree = "<group>"; };
		64C5448A28C83A7700C23393 /* RealtimeAnalyzer.m */ = {isa = PBXFileReference; lastKnownFileType = sourcecode.c.objc; path = RealtimeAnalyzer.m; sourceTree = "<group>"; };
		64C544CC28C83B1200C23393 /* AudioSampleBuffer.entitlements */ = {isa = PBXFileReference; lastKnownFileType = text.plist.entitlements; path = AudioSampleBuffer.entitlements; sourceTree = "<group>"; };
		64C544CE28C83B1200C23393 /* AudioToolbox.framework */ = {isa = PBXFileReference; lastKnownFileType = wrapper.framework; name = AudioToolbox.framework; path = System/Library/Frameworks/AudioToolbox.framework; sourceTree = SDKROOT; };
/* End PBXFileReference section */

/* Begin PBXFrameworksBuildPhase section */
		64C5445A28C838D100C23393 /* Frameworks */ = {
			isa = PBXFrameworksBuildPhase;
			buildActionMask = 2147483647;
			files = (
				64C544CF28C83B1200C23393 /* AudioToolbox.framework in Frameworks */,
			);
			runOnlyForDeploymentPostprocessing = 0;
		};
/* End PBXFrameworksBuildPhase section */

/* Begin PBXGroup section */
		4C5167EB2E9DED6200853960 /* Karaoke */ = {
			isa = PBXGroup;
			children = (
				4C5167E82E9DED6200853960 /* KaraokeViewController.h */,
				4C5167E92E9DED6200853960 /* KaraokeViewController.m */,
				4C5167FA2E9E05E000853960 /* AudioMixer.h */,
				4C5167FB2E9E05E000853960 /* AudioMixer.m */,
				4C5167EE2E9DF28C00853960 /* KaraokeAudioEngine.h */,
				4C5167EF2E9DF28C00853960 /* KaraokeAudioEngine.m */,
				4C5167F12E9E027F00853960 /* RecordingListViewController.h */,
				4C5167F22E9E027F00853960 /* RecordingListViewController.m */,
				4C5167F32E9E027F00853960 /* RecordingPlaybackView.h */,
				4C5167F42E9E027F00853960 /* RecordingPlaybackView.m */,
				4C5167F72E9E032E00853960 /* PCMAudioPlayer.h */,
				4C5167F82E9E032E00853960 /* PCMAudioPlayer.m */,
			);
			path = Karaoke;
			sourceTree = "<group>";
		};
		4C5C27B62E9CFE7F00D9AEA9 /* Lyrics */ = {
			isa = PBXGroup;
			children = (
				4C5168712E9E5FD500853960 /* LRCParser.h */,
				4C5168722E9E5FD500853960 /* LRCParser.m */,
				4C5168732E9E5FD500853960 /* LyricsEffectCell.h */,
				4C5168742E9E5FD500853960 /* LyricsEffectCell.m */,
				4C5168752E9E5FD500853960 /* LyricsEffectControlPanel.h */,
				4C5168762E9E5FD500853960 /* LyricsEffectControlPanel.m */,
				4C5168772E9E5FD500853960 /* LyricsEffectType.h */,
				4C5168782E9E5FD500853960 /* LyricsEffectType.m */,
				4C5168792E9E5FD500853960 /* LyricsIntegrationExample.m */,
				4C51687A2E9E5FD500853960 /* LyricsManager.h */,
				4C51687B2E9E5FD500853960 /* LyricsManager.m */,
				4C51687C2E9E5FD500853960 /* LyricsView.h */,
				4C51687D2E9E5FD500853960 /* LyricsView.m */,
			);
			path = Lyrics;
			sourceTree = "<group>";
		};
		4C66E6D82E8A89E8003200DA /* Audio */ = {
			isa = PBXGroup;
			children = (
				4C49068D2E99F96E00075C82 /* Imagine Dragons - Shots.mp3 */,
				4C77CD0E2E98F31B008EA7C6 /* 梁博 - 出现又离开 (Live).mp3 */,
				4C77CD0F2E98F31B008EA7C6 /* 周深 - 光亮 (Live版).mp3 */,
				4C77CD102E98F31B008EA7C6 /* A公馆 - 海浪回潮.mp3 */,
				4C77CD112E98F31B008EA7C6 /* A公馆 - 与时间赛跑的人.mp3 */,
				4C77CD122E98F31B008EA7C6 /* LOVE PSYCHEDELICO - Last Smile.mp3 */,
				4C77CD092E98DB75008EA7C6 /* Jonah Kagen - God Needs The Devil.mp3 */,
				4C66E6BA2E8A89E8003200DA /* 陈致逸,HOYO-MiX - Symphony of Boreal Wind 冰封交响曲.mp3 */,
				4C66E6BB2E8A89E8003200DA /* 初音ミク,CosMo@暴走P - 初音未来的消失.mp3 */,
				4C66E6BE2E8A89E8003200DA /* 金骏植 - My Everthing.mp3 */,
				4C66E6BF2E8A89E8003200DA /* 鈴木瑛美子 - フロントメモリー.mp3 */,
				4C66E6C02E8A89E8003200DA /* 马頔 - 无畏.mp3 */,
				4C66E6C22E8A89E8003200DA /* 岩崎琢 - Bang! Bang! Bang! Bang! Have a Nice Dream.mp3 */,
				4C66E6C32E8A89E8003200DA /* 岩崎琢 - PSYCHEDELIC SOUL JAM.mp3 */,
				4C66E6C42E8A89E8003200DA /* 周深 - Rubia.mp3 */,
				4C66E6C62E8A89E8003200DA /* Alex Aiono,Feder,MDZN - Lordly (MDZN Remix).mp3 */,
				4C66E6C72E8A89E8003200DA /* Alida - Feathers.mp3 */,
				4C66E6C82E8A89E8003200DA /* CMA - You're Not Alone.mp3 */,
				4C66E6C92E8A89E8003200DA /* Elektronomia - Vision.mp3 */,
				4C66E6CA2E8A89E8003200DA /* ILLENIUM,Nevve - Fractures.mp3 */,
				4C66E6CB2E8A89E8003200DA /* Imagine Dragons - Warriors.mp3 */,
				4C66E6CC2E8A89E8003200DA /* Kingsfoil - Grapevine Valentine(Nrdo bootleg)-Nrdo.mp3 */,
				4C66E6CD2E8A89E8003200DA /* Lenka - Crystal Ball.mp3 */,
				4C66E6CE2E8A89E8003200DA /* Little Mix,Steve Void - Break Up Song (Steve Void Remix).mp3 */,
				4C66E6CF2E8A89E8003200DA /* Missio - I See You.mp3 */,
				4C66E6D12E8A89E8003200DA /* Sub Urban - Cradles.mp3 */,
				4C66E6D32E8A89E8003200DA /* Varien - Future Funk.mp3 */,
				4C66E6D42E8A89E8003200DA /* Vicetone - Tremble (Original Mix).mp3 */,
				4C66E6D52E8A89E8003200DA /* Xeuphoria - Sky City.mp3 */,
				4C66E6D62E8A89E8003200DA /* Zedd - Ignite.mp3 */,
				4C66E6D72E8A89E8003200DA /* Zero Venture - Northern Skies (Original Mix).mp3 */,
				4C77CD0B2E98DC71008EA7C6 /* 黑豹乐队 - 散，作鸟兽.mp3 */,
				4C77CD1F2E9925A5008EA7C6 /* 八仙 8Immortals - 单身旅记 (Live).mp3 */,
				4C77CD202E9925A5008EA7C6 /* 华晨宇 - 向阳而生.mp3 */,
				4C77CD212E9925A5008EA7C6 /* 痛仰乐队 - 为你唱首歌.mp3 */,
				4C77CD222E9925A5008EA7C6 /* DOUDOU - 拂过沙的光.mp3 */,
				4C77CD232E9925A5008EA7C6 /* DOUDOU - 南三环东路.mp3 */,
				4C49068F2E99FF6E00075C82 /* Imagine Dragons,JID,英雄联盟 - Enemy (from the series Arcane League of Legends).mp3 */,
				4C5C27A62E9CB0A400D9AEA9 /* 爱宝 - bangbang.mp3 */,
				4C5C27A72E9CB0A400D9AEA9 /* 吴垚滔,DOUDOU - 暮野荒原.mp3 */,
				4C5C27A82E9CB0A400D9AEA9 /* DOUDOU - 春夏秋冬（Live in 昆明 20231210）.mp3 */,
				4C5C27D02E9D123A00D9AEA9 /* 初音ミク,cosMo@暴走P - 初音ミクの消失.mp3 */,
				4C5167FD2E9E211000853960 /* A公馆 - 放漾.mp3 */,
				4C5168572E9E5B8F00853960 /* Jessie J - Ain't No Mountain High Enough (Live).mp3 */,
				4C5168582E9E5B8F00853960 /* Jessie J - Ain't Nobody (Live).mp3 */,
				4C5168592E9E5B8F00853960 /* Jessie J - Domino (Live).mp3 */,
				4C51685A2E9E5B8F00853960 /* Jessie J - Earth Song (Live).mp3 */,
				4C51685B2E9E5B8F00853960 /* Jessie J - I Have Nothing (Live).mp3 */,
				4C51685C2E9E5B8F00853960 /* Jessie J - I Will Always Love You (Live).mp3 */,
				4C51685D2E9E5B8F00853960 /* Jessie J - Killing Me Softly With His Song (Live).mp3 */,
				4C51685E2E9E5B8F00853960 /* Jessie J - My Heart Will Go On (Live).mp3 */,
				4C51685F2E9E5B8F00853960 /* Jessie J - Never Too Much (Live).mp3 */,
				4C5168602E9E5B8F00853960 /* Jessie J - Purple Rain (Live).mp3 */,
				4C5168612E9E5B8F00853960 /* Jessie J - Reflection (Live).mp3 */,
				4C5168622E9E5B8F00853960 /* Jessie J,李玟,KZ Tandingan - Bang Bang + 龙拳 (Live).mp3 */,
				4C5168632E9E5B8F00853960 /* Jessie J,Luke James - I'll Be There (Live).mp3 */,
				4C51683D2E9E5AB000853960 /* Jessie J - Ain't No Mountain High Enough (Live).lrc */,
				4C51683E2E9E5AB000853960 /* Jessie J - Ain't Nobody (Live).lrc */,
				4C51683F2E9E5AB000853960 /* Jessie J - Domino (Live).lrc */,
				4C5168402E9E5AB000853960 /* Jessie J - Earth Song (Live).lrc */,
				4C5168412E9E5AB000853960 /* Jessie J - I Have Nothing (Live).lrc */,
				4C5168422E9E5AB000853960 /* Jessie J - I Will Always Love You (Live).lrc */,
				4C5168432E9E5AB000853960 /* Jessie J - Killing Me Softly With His Song (Live).lrc */,
				4C5168442E9E5AB000853960 /* Jessie J - My Heart Will Go On (Live).lrc */,
				4C5168452E9E5AB000853960 /* Jessie J - Never Too Much (Live).lrc */,
				4C5168462E9E5AB000853960 /* Jessie J - Purple Rain (Live).lrc */,
				4C5168472E9E5AB000853960 /* Jessie J - Reflection (Live).lrc */,
				4C5168482E9E5AB000853960 /* Jessie J,李玟,KZ Tandingan - Bang Bang + 龙拳 (Live).lrc */,
				4C5168492E9E5AB000853960 /* Jessie J,Luke James - I'll Be There (Live).lrc */,
				4C5C27FB2E9D12C300D9AEA9 /* 八仙 8Immortals - 单身旅记 (Live).lrc */,
				4C5C27FC2E9D12C300D9AEA9 /* 黑豹乐队 - 散，作鸟兽.lrc */,
				4C5C27FD2E9D12C300D9AEA9 /* 华晨宇 - 向阳而生.lrc */,
				4C5C27FE2E9D12C300D9AEA9 /* 梁博 - 出现又离开 (Live).lrc */,
				4C5C27FF2E9D12C300D9AEA9 /* 痛仰乐队 - 为你唱首歌.lrc */,
				4C5C28002E9D12C300D9AEA9 /* 吴垚滔,DOUDOU - 暮野荒原.lrc */,
				4C5C28012E9D12C300D9AEA9 /* 周深 - 光亮 (Live版).lrc */,
				4C5C28022E9D12C300D9AEA9 /* 周深 - Rubia.lrc */,
				4C5C28032E9D12C300D9AEA9 /* A公馆 - 放漾.lrc */,
				4C5C28042E9D12C300D9AEA9 /* A公馆 - 海浪回潮.lrc */,
				4C5C28052E9D12C300D9AEA9 /* A公馆 - 与时间赛跑的人.lrc */,
				4C5C28062E9D12C300D9AEA9 /* Alida - Feathers.lrc */,
				4C5C28072E9D12C300D9AEA9 /* DOUDOU - 春夏秋冬（Live in 昆明 20231210）.lrc */,
				4C5C28082E9D12C300D9AEA9 /* DOUDOU - 拂过沙的光.lrc */,
				4C5C28092E9D12C300D9AEA9 /* DOUDOU - 南三环东路.lrc */,
				4C5C280A2E9D12C300D9AEA9 /* Elektronomia - Vision.lrc */,
				4C5C280B2E9D12C300D9AEA9 /* ILLENIUM,Nevve - Fractures.lrc */,
				4C5C280C2E9D12C300D9AEA9 /* Imagine Dragons - Shots.lrc */,
				4C5C280D2E9D12C300D9AEA9 /* Imagine Dragons - Warriors.lrc */,
				4C5C280E2E9D12C300D9AEA9 /* Imagine Dragons,JID,英雄联盟 - Enemy (from the series Arcane League of Legends).lrc */,
				4C5C280F2E9D12C300D9AEA9 /* Jonah Kagen - God Needs The Devil.lrc */,
				4C5C28102E9D12C300D9AEA9 /* Lenka - Crystal Ball.lrc */,
				4C5C28112E9D12C300D9AEA9 /* Little Mix,Steve Void - Break Up Song (Steve Void Remix).lrc */,
				4C5C28122E9D12C300D9AEA9 /* LOVE PSYCHEDELICO - Last Smile.lrc */,
				4C5C28132E9D12C300D9AEA9 /* Missio - I See You.lrc */,
				4C5C28142E9D12C300D9AEA9 /* Zedd - Ignite.lrc */,
			);
			path = Audio;
			sourceTree = "<group>";
		};
		4C66E7042E8A8DBB003200DA /* Animations */ = {
			isa = PBXGroup;
			children = (
				4C66E6F72E8A8DBB003200DA /* AnimationCoordinator.h */,
				4C66E6F82E8A8DBB003200DA /* AnimationCoordinator.m */,
				4C66E6F92E8A8DBB003200DA /* AnimationProtocol.h */,
				4C66E6FA2E8A8DBB003200DA /* AnimationProtocol.m */,
				4C66E6FB2E8A8DBB003200DA /* GradientAnimationManager.h */,
				4C66E6FC2E8A8DBB003200DA /* GradientAnimationManager.m */,
				4C66E6FD2E8A8DBB003200DA /* ParticleAnimationManager.h */,
				4C66E6FE2E8A8DBB003200DA /* ParticleAnimationManager.m */,
				4C66E7002E8A8DBB003200DA /* RotationAnimationManager.h */,
				4C66E7012E8A8DBB003200DA /* RotationAnimationManager.m */,
				4C66E7022E8A8DBB003200DA /* SpectrumAnimationManager.h */,
				4C66E7032E8A8DBB003200DA /* SpectrumAnimationManager.m */,
			);
			path = Animations;
			sourceTree = "<group>";
		};
		4C66E7152E8A9255003200DA /* VisualEffects */ = {
			isa = PBXGroup;
			children = (
				4C77CD192E990F61008EA7C6 /* CyberpunkControlPanel.h */,
				4C77CD1A2E990F61008EA7C6 /* CyberpunkControlPanel.m */,
				4C66E71B2E8A98FB003200DA /* GalaxyControlPanel.h */,
				4C66E71C2E8A98FB003200DA /* GalaxyControlPanel.m */,
				4C66E70C2E8A9255003200DA /* EffectSelectorView.h */,
				4C66E70D2E8A9255003200DA /* EffectSelectorView.m */,
				4C66E70E2E8A9255003200DA /* MetalRenderer.h */,
				4C66E70F2E8A9255003200DA /* MetalRenderer.m */,
				4C66E7382E8A9255003200DA /* ShaderCommon.metal */,
				4C66E7412E8A9255003200DA /* CommonVertexShader.metal */,
				4C66E7392E8A9255003200DA /* NeonShader.metal */,
				4C66E73A2E8A9255003200DA /* Waveform3DShader.metal */,
				4C66E73B2E8A9255003200DA /* FluidShader.metal */,
				4C66E73C2E8A9255003200DA /* QuantumShader.metal */,
				4C66E73D2E8A9255003200DA /* HolographicShader.metal */,
				4C66E73E2E8A9255003200DA /* CyberpunkShader.metal */,
				4C66E73F2E8A9255003200DA /* GalaxyShader.metal */,
				4C66E7422E8A9256003200DA /* LightningShader.metal */,
				4C66E7112E8A9255003200DA /* VisualEffectManager.h */,
				4C66E7122E8A9255003200DA /* VisualEffectManager.m */,
				4C5C27AC2E9CC24D00D9AEA9 /* PerformanceControlPanel.h */,
				4C5C27AD2E9CC24D00D9AEA9 /* PerformanceControlPanel.m */,
				4C66E7132E8A9255003200DA /* VisualEffectType.h */,
				4C66E7142E8A9255003200DA /* VisualEffectType.m */,
			);
			path = VisualEffects;
			sourceTree = "<group>";
		};
		64C5445428C838D100C23393 = {
			isa = PBXGroup;
			children = (
				64C5445F28C838D100C23393 /* AudioSampleBuffer */,
				64C5445E28C838D100C23393 /* Products */,
				64C544CD28C83B1200C23393 /* Frameworks */,
			);
			sourceTree = "<group>";
		};
		64C5445E28C838D100C23393 /* Products */ = {
			isa = PBXGroup;
			children = (
				64C5445D28C838D100C23393 /* AudioSampleBuffer.app */,
			);
			name = Products;
			sourceTree = "<group>";
		};
		64C5445F28C838D100C23393 /* AudioSampleBuffer */ = {
			isa = PBXGroup;
			children = (
				4C66E6D82E8A89E8003200DA /* Audio */,
				64C544CC28C83B1200C23393 /* AudioSampleBuffer.entitlements */,
				64C544D028C83B5A00C23393 /* AudioSampleBuffer */,
				64C5446028C838D100C23393 /* AppDelegate.h */,
				64C5446128C838D100C23393 /* AppDelegate.m */,
				64C5446628C838D100C23393 /* ViewController.h */,
				64C5446728C838D100C23393 /* ViewController.m */,
				64C5447D28C8395200C23393 /* AudioPlayCell.h */,
				64C5447E28C8395200C23393 /* AudioPlayCell.m */,
				64C5448028C83A0700C23393 /* TTi.h */,
				64C5448128C83A0700C23393 /* TTi.m */,
				64C5446928C838D100C23393 /* Main.storyboard */,
				64C5446C28C838D400C23393 /* Assets.xcassets */,
				64C5446E28C838D400C23393 /* LaunchScreen.storyboard */,
				64C5447128C838D400C23393 /* Info.plist */,
				64C5447228C838D400C23393 /* main.m */,
				4C66E7042E8A8DBB003200DA /* Animations */,
				4C66E7152E8A9255003200DA /* VisualEffects */,
				4C5C27B62E9CFE7F00D9AEA9 /* Lyrics */,
				4C5167EB2E9DED6200853960 /* Karaoke */,
			);
			path = AudioSampleBuffer;
			sourceTree = "<group>";
		};
		64C544CD28C83B1200C23393 /* Frameworks */ = {
			isa = PBXGroup;
			children = (
				64C544CE28C83B1200C23393 /* AudioToolbox.framework */,
			);
			name = Frameworks;
			sourceTree = "<group>";
		};
		64C544D028C83B5A00C23393 /* AudioSampleBuffer */ = {
			isa = PBXGroup;
			children = (
				64C5448928C83A7700C23393 /* AudioSpectrumPlayer.h */,
				64C5448628C83A7700C23393 /* AudioSpectrumPlayer.m */,
				64C5448828C83A7700C23393 /* AudioSpectrumRecorder.h */,
				64C5448728C83A7700C23393 /* AudioSpectrumRecorder.m */,
				64C5448428C83A7600C23393 /* RealtimeAnalyzer.h */,
				64C5448A28C83A7700C23393 /* RealtimeAnalyzer.m */,
				64C5448328C83A7600C23393 /* SpectrumView.h */,
				64C5448528C83A7700C23393 /* SpectrumView.m */,
			);
			path = AudioSampleBuffer;
			sourceTree = "<group>";
		};
/* End PBXGroup section */

/* Begin PBXNativeTarget section */
		64C5445C28C838D100C23393 /* AudioSampleBuffer */ = {
			isa = PBXNativeTarget;
			buildConfigurationList = 64C5447628C838D400C23393 /* Build configuration list for PBXNativeTarget "AudioSampleBuffer" */;
			buildPhases = (
				64C5445928C838D100C23393 /* Sources */,
				64C5445A28C838D100C23393 /* Frameworks */,
				64C5445B28C838D100C23393 /* Resources */,
			);
			buildRules = (
			);
			dependencies = (
			);
			name = AudioSampleBuffer;
			productName = AudioSampleBuffer;
			productReference = 64C5445D28C838D100C23393 /* AudioSampleBuffer.app */;
			productType = "com.apple.product-type.application";
		};
/* End PBXNativeTarget section */

/* Begin PBXProject section */
		64C5445528C838D100C23393 /* Project object */ = {
			isa = PBXProject;
			attributes = {
				BuildIndependentTargetsInParallel = 1;
				LastUpgradeCheck = 1340;
				TargetAttributes = {
					64C5445C28C838D100C23393 = {
						CreatedOnToolsVersion = 13.4.1;
					};
				};
			};
			buildConfigurationList = 64C5445828C838D100C23393 /* Build configuration list for PBXProject "AudioSampleBuffer" */;
			compatibilityVersion = "Xcode 13.0";
			developmentRegion = en;
			hasScannedForEncodings = 0;
			knownRegions = (
				en,
				Base,
			);
			mainGroup = 64C5445428C838D100C23393;
			productRefGroup = 64C5445E28C838D100C23393 /* Products */;
			projectDirPath = "";
			projectRoot = "";
			targets = (
				64C5445C28C838D100C23393 /* AudioSampleBuffer */,
			);
		};
/* End PBXProject section */

/* Begin PBXResourcesBuildPhase section */
		64C5445B28C838D100C23393 /* Resources */ = {
			isa = PBXResourcesBuildPhase;
			buildActionMask = 2147483647;
			files = (
				64C5447028C838D400C23393 /* LaunchScreen.storyboard in Resources */,
				4C66E6D92E8A89E8003200DA /* Vicetone - Tremble (Original Mix).mp3 in Resources */,
				4C66E6DA2E8A89E8003200DA /* ILLENIUM,Nevve - Fractures.mp3 in Resources */,
				4C66E6DB2E8A89E8003200DA /* Alida - Feathers.mp3 in Resources */,
				4C66E6DC2E8A89E8003200DA /* 岩崎琢 - PSYCHEDELIC SOUL JAM.mp3 in Resources */,
				4C66E6DD2E8A89E8003200DA /* Xeuphoria - Sky City.mp3 in Resources */,
				4C66E6DE2E8A89E8003200DA /* Alex Aiono,Feder,MDZN - Lordly (MDZN Remix).mp3 in Resources */,
				4C66E6DF2E8A89E8003200DA /* Zedd - Ignite.mp3 in Resources */,
				4C66E6E12E8A89E8003200DA /* Little Mix,Steve Void - Break Up Song (Steve Void Remix).mp3 in Resources */,
				4C66E6E22E8A89E8003200DA /* Sub Urban - Cradles.mp3 in Resources */,
				4C66E6E42E8A89E8003200DA /* 金骏植 - My Everthing.mp3 in Resources */,
				4C66E6E62E8A89E8003200DA /* Varien - Future Funk.mp3 in Resources */,
				4C66E6E72E8A89E8003200DA /* Imagine Dragons - Warriors.mp3 in Resources */,
				4C66E6E92E8A89E8003200DA /* 马頔 - 无畏.mp3 in Resources */,
				4C49068E2E99F96E00075C82 /* Imagine Dragons - Shots.mp3 in Resources */,
				4C5C27EE2E9D123A00D9AEA9 /* 初音ミク,cosMo@暴走P - 初音ミクの消失.mp3 in Resources */,
				4C66E6EA2E8A89E8003200DA /* Lenka - Crystal Ball.mp3 in Resources */,
				4C77CD0C2E98DC71008EA7C6 /* 黑豹乐队 - 散，作鸟兽.mp3 in Resources */,
				4C66E6EB2E8A89E8003200DA /* Elektronomia - Vision.mp3 in Resources */,
				4C66E6EC2E8A89E8003200DA /* Zero Venture - Northern Skies (Original Mix).mp3 in Resources */,
				4C66E6EE2E8A89E8003200DA /* Kingsfoil - Grapevine Valentine(Nrdo bootleg)-Nrdo.mp3 in Resources */,
				4C77CD132E98F31B008EA7C6 /* A公馆 - 与时间赛跑的人.mp3 in Resources */,
				4C77CD142E98F31B008EA7C6 /* A公馆 - 海浪回潮.mp3 in Resources */,
				4C77CD152E98F31B008EA7C6 /* 周深 - 光亮 (Live版).mp3 in Resources */,
				4C5C28152E9D12C300D9AEA9 /* Zedd - Ignite.lrc in Resources */,
				4C5C28162E9D12C300D9AEA9 /* Little Mix,Steve Void - Break Up Song (Steve Void Remix).lrc in Resources */,
				4C5C28172E9D12C300D9AEA9 /* Jonah Kagen - God Needs The Devil.lrc in Resources */,
				4C5C28182E9D12C300D9AEA9 /* Imagine Dragons - Shots.lrc in Resources */,
				4C5C28192E9D12C300D9AEA9 /* A公馆 - 放漾.lrc in Resources */,
				4C5C281A2E9D12C300D9AEA9 /* DOUDOU - 拂过沙的光.lrc in Resources */,
				4C5C281B2E9D12C300D9AEA9 /* DOUDOU - 南三环东路.lrc in Resources */,
				4C5C281C2E9D12C300D9AEA9 /* 痛仰乐队 - 为你唱首歌.lrc in Resources */,
				4C5C281D2E9D12C300D9AEA9 /* LOVE PSYCHEDELICO - Last Smile.lrc in Resources */,
				4C5C281E2E9D12C300D9AEA9 /* Elektronomia - Vision.lrc in Resources */,
				4C5C281F2E9D12C300D9AEA9 /* ILLENIUM,Nevve - Fractures.lrc in Resources */,
				4C5C28202E9D12C300D9AEA9 /* DOUDOU - 春夏秋冬（Live in 昆明 20231210）.lrc in Resources */,
				4C5C28212E9D12C300D9AEA9 /* Lenka - Crystal Ball.lrc in Resources */,
				4C5C28222E9D12C300D9AEA9 /* Missio - I See You.lrc in Resources */,
				4C5168642E9E5B8F00853960 /* Jessie J - Reflection (Live).mp3 in Resources */,
				4C5168652E9E5B8F00853960 /* Jessie J,Luke James - I'll Be There (Live).mp3 in Resources */,
				4C5168662E9E5B8F00853960 /* Jessie J - I Have Nothing (Live).mp3 in Resources */,
				4C5168672E9E5B8F00853960 /* Jessie J - Killing Me Softly With His Song (Live).mp3 in Resources */,
				4C5168682E9E5B8F00853960 /* Jessie J - Domino (Live).mp3 in Resources */,
				4C5168692E9E5B8F00853960 /* Jessie J - Earth Song (Live).mp3 in Resources */,
				4C51686A2E9E5B8F00853960 /* Jessie J - I Will Always Love You (Live).mp3 in Resources */,
				4C51686B2E9E5B8F00853960 /* Jessie J - Ain't No Mountain High Enough (Live).mp3 in Resources */,
				4C51686C2E9E5B8F00853960 /* Jessie J,李玟,KZ Tandingan - Bang Bang + 龙拳 (Live).mp3 in Resources */,
				4C51686D2E9E5B8F00853960 /* Jessie J - Never Too Much (Live).mp3 in Resources */,
				4C51686E2E9E5B8F00853960 /* Jessie J - My Heart Will Go On (Live).mp3 in Resources */,
				4C51686F2E9E5B8F00853960 /* Jessie J - Ain't Nobody (Live).mp3 in Resources */,
				4C5168702E9E5B8F00853960 /* Jessie J - Purple Rain (Live).mp3 in Resources */,
				4C5C28232E9D12C300D9AEA9 /* 周深 - Rubia.lrc in Resources */,
				4C5C28242E9D12C300D9AEA9 /* 八仙 8Immortals - 单身旅记 (Live).lrc in Resources */,
				4C5C28252E9D12C300D9AEA9 /* Alida - Feathers.lrc in Resources */,
				4C5C28262E9D12C300D9AEA9 /* 华晨宇 - 向阳而生.lrc in Resources */,
				4C5C28272E9D12C300D9AEA9 /* 梁博 - 出现又离开 (Live).lrc in Resources */,
				4C5C28282E9D12C300D9AEA9 /* 周深 - 光亮 (Live版).lrc in Resources */,
				4C5C28292E9D12C300D9AEA9 /* Imagine Dragons,JID,英雄联盟 - Enemy (from the series Arcane League of Legends).lrc in Resources */,
				4C5C282A2E9D12C300D9AEA9 /* A公馆 - 与时间赛跑的人.lrc in Resources */,
				4C5C282B2E9D12C300D9AEA9 /* Imagine Dragons - Warriors.lrc in Resources */,
				4C5C282C2E9D12C300D9AEA9 /* A公馆 - 海浪回潮.lrc in Resources */,
				4C5C282D2E9D12C300D9AEA9 /* 黑豹乐队 - 散，作鸟兽.lrc in Resources */,
				4C5C282E2E9D12C300D9AEA9 /* 吴垚滔,DOUDOU - 暮野荒原.lrc in Resources */,
				4C77CD162E98F31B008EA7C6 /* LOVE PSYCHEDELICO - Last Smile.mp3 in Resources */,
				4C77CD172E98F31B008EA7C6 /* 梁博 - 出现又离开 (Live).mp3 in Resources */,
				4C51684A2E9E5AB000853960 /* Jessie J,李玟,KZ Tandingan - Bang Bang + 龙拳 (Live).lrc in Resources */,
				4C51684B2E9E5AB000853960 /* Jessie J - Reflection (Live).lrc in Resources */,
				4C51684C2E9E5AB000853960 /* Jessie J - I Have Nothing (Live).lrc in Resources */,
				4C51684D2E9E5AB000853960 /* Jessie J - I Will Always Love You (Live).lrc in Resources */,
				4C51684E2E9E5AB000853960 /* Jessie J - My Heart Will Go On (Live).lrc in Resources */,
				4C51684F2E9E5AB000853960 /* Jessie J - Killing Me Softly With His Song (Live).lrc in Resources */,
				4C5168502E9E5AB000853960 /* Jessie J - Ain't No Mountain High Enough (Live).lrc in Resources */,
				4C5168512E9E5AB000853960 /* Jessie J,Luke James - I'll Be There (Live).lrc in Resources */,
				4C5168522E9E5AB000853960 /* Jessie J - Earth Song (Live).lrc in Resources */,
				4C5168532E9E5AB000853960 /* Jessie J - Never Too Much (Live).lrc in Resources */,
				4C5168542E9E5AB000853960 /* Jessie J - Ain't Nobody (Live).lrc in Resources */,
				4C5168552E9E5AB000853960 /* Jessie J - Domino (Live).lrc in Resources */,
				4C5168562E9E5AB000853960 /* Jessie J - Purple Rain (Live).lrc in Resources */,
				4C66E6F02E8A89E8003200DA /* CMA - You're Not Alone.mp3 in Resources */,
				4C5167FE2E9E211000853960 /* A公馆 - 放漾.mp3 in Resources */,
				4C66E6F12E8A89E8003200DA /* Missio - I See You.mp3 in Resources */,
				4C66E6F22E8A89E8003200DA /* 周深 - Rubia.mp3 in Resources */,
				4C4906902E99FF6E00075C82 /* Imagine Dragons,JID,英雄联盟 - Enemy (from the series Arcane League of Legends).mp3 in Resources */,
				4C66E6F32E8A89E8003200DA /* 岩崎琢 - Bang! Bang! Bang! Bang! Have a Nice Dream.mp3 in Resources */,
				4C5C27A92E9CB0A400D9AEA9 /* 吴垚滔,DOUDOU - 暮野荒原.mp3 in Resources */,
				4C5C27AA2E9CB0A400D9AEA9 /* DOUDOU - 春夏秋冬（Live in 昆明 20231210）.mp3 in Resources */,
				4C5C27AB2E9CB0A400D9AEA9 /* 爱宝 - bangbang.mp3 in Resources */,
				4C66E6F42E8A89E8003200DA /* 鈴木瑛美子 - フロントメモリー.mp3 in Resources */,
				4C66E6F52E8A89E8003200DA /* 初音ミク,CosMo@暴走P - 初音未来的消失.mp3 in Resources */,
				4C66E6F62E8A89E8003200DA /* 陈致逸,HOYO-MiX - Symphony of Boreal Wind 冰封交响曲.mp3 in Resources */,
				4C77CD0A2E98DB75008EA7C6 /* Jonah Kagen - God Needs The Devil.mp3 in Resources */,
				64C5446D28C838D400C23393 /* Assets.xcassets in Resources */,
				4C77CD242E9925A5008EA7C6 /* 痛仰乐队 - 为你唱首歌.mp3 in Resources */,
				4C77CD252E9925A5008EA7C6 /* DOUDOU - 南三环东路.mp3 in Resources */,
				4C77CD262E9925A5008EA7C6 /* DOUDOU - 拂过沙的光.mp3 in Resources */,
				4C77CD272E9925A5008EA7C6 /* 八仙 8Immortals - 单身旅记 (Live).mp3 in Resources */,
				4C77CD282E9925A5008EA7C6 /* 华晨宇 - 向阳而生.mp3 in Resources */,
				64C5446B28C838D100C23393 /* Main.storyboard in Resources */,
			);
			runOnlyForDeploymentPostprocessing = 0;
		};
/* End PBXResourcesBuildPhase section */

/* Begin PBXSourcesBuildPhase section */
		64C5445928C838D100C23393 /* Sources */ = {
			isa = PBXSourcesBuildPhase;
			buildActionMask = 2147483647;
			files = (
				4C66E7162E8A9255003200DA /* EffectSelectorView.m in Sources */,
				4C66E7172E8A9255003200DA /* VisualEffectType.m in Sources */,
				4C5167F92E9E032E00853960 /* PCMAudioPlayer.m in Sources */,
				4C66E7302E8A9255003200DA /* ShaderCommon.metal in Sources */,
				4C66E7402E8A9255003200DA /* CommonVertexShader.metal in Sources */,
				4C66E7312E8A9255003200DA /* NeonShader.metal in Sources */,
				4C5167FC2E9E05E000853960 /* AudioMixer.m in Sources */,
				4C66E7322E8A9255003200DA /* Waveform3DShader.metal in Sources */,
				4C66E7332E8A9255003200DA /* FluidShader.metal in Sources */,
				4C66E7342E8A9255003200DA /* QuantumShader.metal in Sources */,
				4C66E7352E8A9255003200DA /* HolographicShader.metal in Sources */,
				4C5167F02E9DF28C00853960 /* KaraokeAudioEngine.m in Sources */,
				4C66E7362E8A9255003200DA /* CyberpunkShader.metal in Sources */,
				4C66E7372E8A9255003200DA /* GalaxyShader.metal in Sources */,
				4C66E7382E8A9256003200DA /* LightningShader.metal in Sources */,
				4C5167EC2E9DED6200853960 /* KaraokeViewController.m in Sources */,
				4C66E7192E8A9255003200DA /* VisualEffectManager.m in Sources */,
				4C66E71A2E8A9255003200DA /* MetalRenderer.m in Sources */,
				64C5448E28C83A7700C23393 /* AudioSpectrumPlayer.m in Sources */,
				64C5446828C838D100C23393 /* ViewController.m in Sources */,
				4C51687E2E9E5FD500853960 /* LyricsEffectCell.m in Sources */,
				4C51687F2E9E5FD500853960 /* LyricsEffectControlPanel.m in Sources */,
				4C5168802E9E5FD500853960 /* LyricsManager.m in Sources */,
				4C5168812E9E5FD500853960 /* LyricsEffectType.m in Sources */,
				4C5168832E9E5FD500853960 /* LyricsView.m in Sources */,
				4C5168842E9E5FD500853960 /* LRCParser.m in Sources */,
				64C5447F28C8395200C23393 /* AudioPlayCell.m in Sources */,
				64C5448B28C83A7700C23393 /* AudioSpectrumRecorder.m in Sources */,
				4C66E71D2E8A98FB003200DA /* GalaxyControlPanel.m in Sources */,
				64C5446228C838D100C23393 /* AppDelegate.m in Sources */,
				64C5448228C83A0700C23393 /* TTi.m in Sources */,
				64C5447328C838D400C23393 /* main.m in Sources */,
				64C5448D28C83A7700C23393 /* SpectrumView.m in Sources */,
				4C5C27AE2E9CC24D00D9AEA9 /* PerformanceControlPanel.m in Sources */,
				4C66E7062E8A8DBB003200DA /* AnimationCoordinator.m in Sources */,
				4C66E7072E8A8DBB003200DA /* RotationAnimationManager.m in Sources */,
				4C66E7082E8A8DBB003200DA /* SpectrumAnimationManager.m in Sources */,
				4C66E7092E8A8DBB003200DA /* GradientAnimationManager.m in Sources */,
				4C5167F52E9E027F00853960 /* RecordingListViewController.m in Sources */,
				4C5167F62E9E027F00853960 /* RecordingPlaybackView.m in Sources */,
				4C77CD1B2E990F61008EA7C6 /* CyberpunkControlPanel.m in Sources */,
				4C66E70A2E8A8DBB003200DA /* ParticleAnimationManager.m in Sources */,
				4C66E70B2E8A8DBB003200DA /* AnimationProtocol.m in Sources */,
				64C5448C28C83A7700C23393 /* RealtimeAnalyzer.m in Sources */,
			);
			runOnlyForDeploymentPostprocessing = 0;
		};
/* End PBXSourcesBuildPhase section */

/* Begin PBXVariantGroup section */
		64C5446928C838D100C23393 /* Main.storyboard */ = {
			isa = PBXVariantGroup;
			children = (
				64C5446A28C838D100C23393 /* Base */,
			);
			name = Main.storyboard;
			sourceTree = "<group>";
		};
		64C5446E28C838D400C23393 /* LaunchScreen.storyboard */ = {
			isa = PBXVariantGroup;
			children = (
				64C5446F28C838D400C23393 /* Base */,
			);
			name = LaunchScreen.storyboard;
			sourceTree = "<group>";
		};
/* End PBXVariantGroup section */

/* Begin XCBuildConfiguration section */
		64C5447428C838D400C23393 /* Debug */ = {
			isa = XCBuildConfiguration;
			buildSettings = {
				ALWAYS_SEARCH_USER_PATHS = NO;
				CLANG_ANALYZER_NONNULL = YES;
				CLANG_ANALYZER_NUMBER_OBJECT_CONVERSION = YES_AGGRESSIVE;
				CLANG_CXX_LANGUAGE_STANDARD = "gnu++17";
				CLANG_ENABLE_MODULES = YES;
				CLANG_ENABLE_OBJC_ARC = YES;
				CLANG_ENABLE_OBJC_WEAK = YES;
				CLANG_WARN_BLOCK_CAPTURE_AUTORELEASING = YES;
				CLANG_WARN_BOOL_CONVERSION = YES;
				CLANG_WARN_COMMA = YES;
				CLANG_WARN_CONSTANT_CONVERSION = YES;
				CLANG_WARN_DEPRECATED_OBJC_IMPLEMENTATIONS = YES;
				CLANG_WARN_DIRECT_OBJC_ISA_USAGE = YES_ERROR;
				CLANG_WARN_DOCUMENTATION_COMMENTS = YES;
				CLANG_WARN_EMPTY_BODY = YES;
				CLANG_WARN_ENUM_CONVERSION = YES;
				CLANG_WARN_INFINITE_RECURSION = YES;
				CLANG_WARN_INT_CONVERSION = YES;
				CLANG_WARN_NON_LITERAL_NULL_CONVERSION = YES;
				CLANG_WARN_OBJC_IMPLICIT_RETAIN_SELF = YES;
				CLANG_WARN_OBJC_LITERAL_CONVERSION = YES;
				CLANG_WARN_OBJC_ROOT_CLASS = YES_ERROR;
				CLANG_WARN_QUOTED_INCLUDE_IN_FRAMEWORK_HEADER = YES;
				CLANG_WARN_RANGE_LOOP_ANALYSIS = YES;
				CLANG_WARN_STRICT_PROTOTYPES = YES;
				CLANG_WARN_SUSPICIOUS_MOVE = YES;
				CLANG_WARN_UNGUARDED_AVAILABILITY = YES_AGGRESSIVE;
				CLANG_WARN_UNREACHABLE_CODE = YES;
				CLANG_WARN__DUPLICATE_METHOD_MATCH = YES;
				COPY_PHASE_STRIP = NO;
				DEBUG_INFORMATION_FORMAT = dwarf;
				ENABLE_STRICT_OBJC_MSGSEND = YES;
				ENABLE_TESTABILITY = YES;
				GCC_C_LANGUAGE_STANDARD = gnu11;
				GCC_DYNAMIC_NO_PIC = NO;
				GCC_NO_COMMON_BLOCKS = YES;
				GCC_OPTIMIZATION_LEVEL = 0;
				GCC_PREPROCESSOR_DEFINITIONS = (
					"DEBUG=1",
					"$(inherited)",
				);
				GCC_WARN_64_TO_32_BIT_CONVERSION = YES;
				GCC_WARN_ABOUT_RETURN_TYPE = YES_ERROR;
				GCC_WARN_UNDECLARED_SELECTOR = YES;
				GCC_WARN_UNINITIALIZED_AUTOS = YES_AGGRESSIVE;
				GCC_WARN_UNUSED_FUNCTION = YES;
				GCC_WARN_UNUSED_VARIABLE = YES;
				IPHONEOS_DEPLOYMENT_TARGET = 15.5;
				MTL_ENABLE_DEBUG_INFO = INCLUDE_SOURCE;
				MTL_FAST_MATH = YES;
				ONLY_ACTIVE_ARCH = YES;
				SDKROOT = iphoneos;
			};
			name = Debug;
		};
		64C5447528C838D400C23393 /* Release */ = {
			isa = XCBuildConfiguration;
			buildSettings = {
				ALWAYS_SEARCH_USER_PATHS = NO;
				CLANG_ANALYZER_NONNULL = YES;
				CLANG_ANALYZER_NUMBER_OBJECT_CONVERSION = YES_AGGRESSIVE;
				CLANG_CXX_LANGUAGE_STANDARD = "gnu++17";
				CLANG_ENABLE_MODULES = YES;
				CLANG_ENABLE_OBJC_ARC = YES;
				CLANG_ENABLE_OBJC_WEAK = YES;
				CLANG_WARN_BLOCK_CAPTURE_AUTORELEASING = YES;
				CLANG_WARN_BOOL_CONVERSION = YES;
				CLANG_WARN_COMMA = YES;
				CLANG_WARN_CONSTANT_CONVERSION = YES;
				CLANG_WARN_DEPRECATED_OBJC_IMPLEMENTATIONS = YES;
				CLANG_WARN_DIRECT_OBJC_ISA_USAGE = YES_ERROR;
				CLANG_WARN_DOCUMENTATION_COMMENTS = YES;
				CLANG_WARN_EMPTY_BODY = YES;
				CLANG_WARN_ENUM_CONVERSION = YES;
				CLANG_WARN_INFINITE_RECURSION = YES;
				CLANG_WARN_INT_CONVERSION = YES;
				CLANG_WARN_NON_LITERAL_NULL_CONVERSION = YES;
				CLANG_WARN_OBJC_IMPLICIT_RETAIN_SELF = YES;
				CLANG_WARN_OBJC_LITERAL_CONVERSION = YES;
				CLANG_WARN_OBJC_ROOT_CLASS = YES_ERROR;
				CLANG_WARN_QUOTED_INCLUDE_IN_FRAMEWORK_HEADER = YES;
				CLANG_WARN_RANGE_LOOP_ANALYSIS = YES;
				CLANG_WARN_STRICT_PROTOTYPES = YES;
				CLANG_WARN_SUSPICIOUS_MOVE = YES;
				CLANG_WARN_UNGUARDED_AVAILABILITY = YES_AGGRESSIVE;
				CLANG_WARN_UNREACHABLE_CODE = YES;
				CLANG_WARN__DUPLICATE_METHOD_MATCH = YES;
				COPY_PHASE_STRIP = NO;
				DEBUG_INFORMATION_FORMAT = "dwarf-with-dsym";
				ENABLE_NS_ASSERTIONS = NO;
				ENABLE_STRICT_OBJC_MSGSEND = YES;
				GCC_C_LANGUAGE_STANDARD = gnu11;
				GCC_NO_COMMON_BLOCKS = YES;
				GCC_WARN_64_TO_32_BIT_CONVERSION = YES;
				GCC_WARN_ABOUT_RETURN_TYPE = YES_ERROR;
				GCC_WARN_UNDECLARED_SELECTOR = YES;
				GCC_WARN_UNINITIALIZED_AUTOS = YES_AGGRESSIVE;
				GCC_WARN_UNUSED_FUNCTION = YES;
				GCC_WARN_UNUSED_VARIABLE = YES;
				IPHONEOS_DEPLOYMENT_TARGET = 15.5;
				MTL_ENABLE_DEBUG_INFO = NO;
				MTL_FAST_MATH = YES;
				SDKROOT = iphoneos;
				VALIDATE_PRODUCT = YES;
			};
			name = Release;
		};
		64C5447728C838D400C23393 /* Debug */ = {
			isa = XCBuildConfiguration;
			buildSettings = {
				ASSETCATALOG_COMPILER_APPICON_NAME = AppIcon;
				ASSETCATALOG_COMPILER_GLOBAL_ACCENT_COLOR_NAME = AccentColor;
				CODE_SIGN_ENTITLEMENTS = AudioSampleBuffer/AudioSampleBuffer.entitlements;
				CODE_SIGN_STYLE = Automatic;
				CURRENT_PROJECT_VERSION = 1;
				DEVELOPMENT_TEAM = 4R3F9TA3GA;
				GENERATE_INFOPLIST_FILE = YES;
				INFOPLIST_FILE = AudioSampleBuffer/Info.plist;
				INFOPLIST_KEY_LSApplicationCategoryType = "public.app-category.music";
				INFOPLIST_KEY_UIApplicationSupportsIndirectInputEvents = YES;
				INFOPLIST_KEY_UILaunchStoryboardName = LaunchScreen;
				INFOPLIST_KEY_UIMainStoryboardFile = Main;
				INFOPLIST_KEY_UISupportedInterfaceOrientations_iPad = "UIInterfaceOrientationPortrait UIInterfaceOrientationPortraitUpsideDown UIInterfaceOrientationLandscapeLeft UIInterfaceOrientationLandscapeRight";
				INFOPLIST_KEY_UISupportedInterfaceOrientations_iPhone = "UIInterfaceOrientationPortrait UIInterfaceOrientationLandscapeLeft UIInterfaceOrientationLandscapeRight";
				IPHONEOS_DEPLOYMENT_TARGET = 9.2;
				LD_RUNPATH_SEARCH_PATHS = (
					"$(inherited)",
					"@executable_path/Frameworks",
				);
				MARKETING_VERSION = 1.0;
				PRODUCT_BUNDLE_IDENTIFIER = com.gongtuo.AudioSampleBuffer;
				PRODUCT_NAME = "$(TARGET_NAME)";
				SUPPORTS_MACCATALYST = YES;
				SWIFT_EMIT_LOC_STRINGS = YES;
				TARGETED_DEVICE_FAMILY = "1,2";
			};
			name = Debug;
		};
		64C5447828C838D400C23393 /* Release */ = {
			isa = XCBuildConfiguration;
			buildSettings = {
				ASSETCATALOG_COMPILER_APPICON_NAME = AppIcon;
				ASSETCATALOG_COMPILER_GLOBAL_ACCENT_COLOR_NAME = AccentColor;
				CODE_SIGN_ENTITLEMENTS = AudioSampleBuffer/AudioSampleBuffer.entitlements;
				CODE_SIGN_STYLE = Automatic;
				CURRENT_PROJECT_VERSION = 1;
				DEVELOPMENT_TEAM = 4R3F9TA3GA;
				GENERATE_INFOPLIST_FILE = YES;
				INFOPLIST_FILE = AudioSampleBuffer/Info.plist;
				INFOPLIST_KEY_LSApplicationCategoryType = "public.app-category.music";
				INFOPLIST_KEY_UIApplicationSupportsIndirectInputEvents = YES;
				INFOPLIST_KEY_UILaunchStoryboardName = LaunchScreen;
				INFOPLIST_KEY_UIMainStoryboardFile = Main;
				INFOPLIST_KEY_UISupportedInterfaceOrientations_iPad = "UIInterfaceOrientationPortrait UIInterfaceOrientationPortraitUpsideDown UIInterfaceOrientationLandscapeLeft UIInterfaceOrientationLandscapeRight";
				INFOPLIST_KEY_UISupportedInterfaceOrientations_iPhone = "UIInterfaceOrientationPortrait UIInterfaceOrientationLandscapeLeft UIInterfaceOrientationLandscapeRight";
				IPHONEOS_DEPLOYMENT_TARGET = 9.2;
				LD_RUNPATH_SEARCH_PATHS = (
					"$(inherited)",
					"@executable_path/Frameworks",
				);
				MARKETING_VERSION = 1.0;
				PRODUCT_BUNDLE_IDENTIFIER = com.gongtuo.AudioSampleBuffer;
				PRODUCT_NAME = "$(TARGET_NAME)";
				SUPPORTS_MACCATALYST = YES;
				SWIFT_EMIT_LOC_STRINGS = YES;
				TARGETED_DEVICE_FAMILY = "1,2";
			};
			name = Release;
		};
/* End XCBuildConfiguration section */

/* Begin XCConfigurationList section */
		64C5445828C838D100C23393 /* Build configuration list for PBXProject "AudioSampleBuffer" */ = {
			isa = XCConfigurationList;
			buildConfigurations = (
				64C5447428C838D400C23393 /* Debug */,
				64C5447528C838D400C23393 /* Release */,
			);
			defaultConfigurationIsVisible = 0;
			defaultConfigurationName = Release;
		};
		64C5447628C838D400C23393 /* Build configuration list for PBXNativeTarget "AudioSampleBuffer" */ = {
			isa = XCConfigurationList;
			buildConfigurations = (
				64C5447728C838D400C23393 /* Debug */,
				64C5447828C838D400C23393 /* Release */,
			);
			defaultConfigurationIsVisible = 0;
			defaultConfigurationName = Release;
		};
/* End XCConfigurationList section */
	};
	rootObject = 64C5445528C838D100C23393 /* Project object */;
}
